// !$*UTF8*$!
{
	archiveVersion = 1;
	classes = {
	};
	objectVersion = 46;
	objects = {

/* Begin PBXBuildFile section */
		6D9739F6182B76B90086C153 /* c_regex_traits.cpp in Sources */ = {isa = PBXBuildFile; fileRef = 6D9739E4182B76B90086C153 /* c_regex_traits.cpp */; };
		6D9739F7182B76B90086C153 /* cpp_regex_traits.cpp in Sources */ = {isa = PBXBuildFile; fileRef = 6D9739E5182B76B90086C153 /* cpp_regex_traits.cpp */; };
		6D9739F8182B76B90086C153 /* cregex.cpp in Sources */ = {isa = PBXBuildFile; fileRef = 6D9739E6182B76B90086C153 /* cregex.cpp */; };
		6D9739F9182B76B90086C153 /* fileiter.cpp in Sources */ = {isa = PBXBuildFile; fileRef = 6D9739E7182B76B90086C153 /* fileiter.cpp */; };
		6D9739FA182B76B90086C153 /* icu.cpp in Sources */ = {isa = PBXBuildFile; fileRef = 6D9739E8182B76B90086C153 /* icu.cpp */; };
		6D9739FB182B76B90086C153 /* instances.cpp in Sources */ = {isa = PBXBuildFile; fileRef = 6D9739E9182B76B90086C153 /* instances.cpp */; };
		6D9739FC182B76B90086C153 /* posix_api.cpp in Sources */ = {isa = PBXBuildFile; fileRef = 6D9739EB182B76B90086C153 /* posix_api.cpp */; };
		6D9739FD182B76B90086C153 /* regex.cpp in Sources */ = {isa = PBXBuildFile; fileRef = 6D9739EC182B76B90086C153 /* regex.cpp */; };
		6D9739FE182B76B90086C153 /* regex_debug.cpp in Sources */ = {isa = PBXBuildFile; fileRef = 6D9739ED182B76B90086C153 /* regex_debug.cpp */; };
		6D9739FF182B76B90086C153 /* regex_raw_buffer.cpp in Sources */ = {isa = PBXBuildFile; fileRef = 6D9739EE182B76B90086C153 /* regex_raw_buffer.cpp */; };
		6D973A00182B76B90086C153 /* regex_traits_defaults.cpp in Sources */ = {isa = PBXBuildFile; fileRef = 6D9739EF182B76B90086C153 /* regex_traits_defaults.cpp */; };
		6D973A01182B76B90086C153 /* static_mutex.cpp in Sources */ = {isa = PBXBuildFile; fileRef = 6D9739F0182B76B90086C153 /* static_mutex.cpp */; };
		6D973A02182B76B90086C153 /* usinstances.cpp in Sources */ = {isa = PBXBuildFile; fileRef = 6D9739F1182B76B90086C153 /* usinstances.cpp */; };
		6D973A03182B76B90086C153 /* w32_regex_traits.cpp in Sources */ = {isa = PBXBuildFile; fileRef = 6D9739F2182B76B90086C153 /* w32_regex_traits.cpp */; };
		6D973A04182B76B90086C153 /* wc_regex_traits.cpp in Sources */ = {isa = PBXBuildFile; fileRef = 6D9739F3182B76B90086C153 /* wc_regex_traits.cpp */; };
		6D973A05182B76B90086C153 /* wide_posix_api.cpp in Sources */ = {isa = PBXBuildFile; fileRef = 6D9739F4182B76B90086C153 /* wide_posix_api.cpp */; };
		6D973A06182B76B90086C153 /* winstances.cpp in Sources */ = {isa = PBXBuildFile; fileRef = 6D9739F5182B76B90086C153 /* winstances.cpp */; };
/* End PBXBuildFile section */

/* Begin PBXCopyFilesBuildPhase section */
		6D9739B8182B762B0086C153 /* CopyFiles */ = {
			isa = PBXCopyFilesBuildPhase;
			buildActionMask = 2147483647;
			dstPath = "include/$(PRODUCT_NAME)";
			dstSubfolderSpec = 16;
			files = (
			);
			runOnlyForDeploymentPostprocessing = 0;
		};
/* End PBXCopyFilesBuildPhase section */

/* Begin PBXFileReference section */
		6D9739BA182B762B0086C153 /* libBoost.Regex.a */ = {isa = PBXFileReference; explicitFileType = archive.ar; includeInIndex = 0; path = libBoost.Regex.a; sourceTree = BUILT_PRODUCTS_DIR; };
		6D9739E4182B76B90086C153 /* c_regex_traits.cpp */ = {isa = PBXFileReference; fileEncoding = 4; lastKnownFileType = sourcecode.cpp.cpp; path = c_regex_traits.cpp; sourceTree = "<group>"; };
		6D9739E5182B76B90086C153 /* cpp_regex_traits.cpp */ = {isa = PBXFileReference; fileEncoding = 4; lastKnownFileType = sourcecode.cpp.cpp; path = cpp_regex_traits.cpp; sourceTree = "<group>"; };
		6D9739E6182B76B90086C153 /* cregex.cpp */ = {isa = PBXFileReference; fileEncoding = 4; lastKnownFileType = sourcecode.cpp.cpp; path = cregex.cpp; sourceTree = "<group>"; };
		6D9739E7182B76B90086C153 /* fileiter.cpp */ = {isa = PBXFileReference; fileEncoding = 4; lastKnownFileType = sourcecode.cpp.cpp; path = fileiter.cpp; sourceTree = "<group>"; };
		6D9739E8182B76B90086C153 /* icu.cpp */ = {isa = PBXFileReference; fileEncoding = 4; lastKnownFileType = sourcecode.cpp.cpp; path = icu.cpp; sourceTree = "<group>"; };
		6D9739E9182B76B90086C153 /* instances.cpp */ = {isa = PBXFileReference; fileEncoding = 4; lastKnownFileType = sourcecode.cpp.cpp; path = instances.cpp; sourceTree = "<group>"; };
		6D9739EA182B76B90086C153 /* internals.hpp */ = {isa = PBXFileReference; fileEncoding = 4; lastKnownFileType = sourcecode.cpp.h; path = internals.hpp; sourceTree = "<group>"; };
		6D9739EB182B76B90086C153 /* posix_api.cpp */ = {isa = PBXFileReference; fileEncoding = 4; lastKnownFileType = sourcecode.cpp.cpp; path = posix_api.cpp; sourceTree = "<group>"; };
		6D9739EC182B76B90086C153 /* regex.cpp */ = {isa = PBXFileReference; fileEncoding = 4; lastKnownFileType = sourcecode.cpp.cpp; path = regex.cpp; sourceTree = "<group>"; };
		6D9739ED182B76B90086C153 /* regex_debug.cpp */ = {isa = PBXFileReference; fileEncoding = 4; lastKnownFileType = sourcecode.cpp.cpp; path = regex_debug.cpp; sourceTree = "<group>"; };
		6D9739EE182B76B90086C153 /* regex_raw_buffer.cpp */ = {isa = PBXFileReference; fileEncoding = 4; lastKnownFileType = sourcecode.cpp.cpp; path = regex_raw_buffer.cpp; sourceTree = "<group>"; };
		6D9739EF182B76B90086C153 /* regex_traits_defaults.cpp */ = {isa = PBXFileReference; fileEncoding = 4; lastKnownFileType = sourcecode.cpp.cpp; path = regex_traits_defaults.cpp; sourceTree = "<group>"; };
		6D9739F0182B76B90086C153 /* static_mutex.cpp */ = {isa = PBXFileReference; fileEncoding = 4; lastKnownFileType = sourcecode.cpp.cpp; path = static_mutex.cpp; sourceTree = "<group>"; };
		6D9739F1182B76B90086C153 /* usinstances.cpp */ = {isa = PBXFileReference; fileEncoding = 4; lastKnownFileType = sourcecode.cpp.cpp; path = usinstances.cpp; sourceTree = "<group>"; };
		6D9739F2182B76B90086C153 /* w32_regex_traits.cpp */ = {isa = PBXFileReference; fileEncoding = 4; lastKnownFileType = sourcecode.cpp.cpp; path = w32_regex_traits.cpp; sourceTree = "<group>"; };
		6D9739F3182B76B90086C153 /* wc_regex_traits.cpp */ = {isa = PBXFileReference; fileEncoding = 4; lastKnownFileType = sourcecode.cpp.cpp; path = wc_regex_traits.cpp; sourceTree = "<group>"; };
		6D9739F4182B76B90086C153 /* wide_posix_api.cpp */ = {isa = PBXFileReference; fileEncoding = 4; lastKnownFileType = sourcecode.cpp.cpp; path = wide_posix_api.cpp; sourceTree = "<group>"; };
		6D9739F5182B76B90086C153 /* winstances.cpp */ = {isa = PBXFileReference; fileEncoding = 4; lastKnownFileType = sourcecode.cpp.cpp; path = winstances.cpp; sourceTree = "<group>"; };
/* End PBXFileReference section */

/* Begin PBXFrameworksBuildPhase section */
		6D9739B7182B762B0086C153 /* Frameworks */ = {
			isa = PBXFrameworksBuildPhase;
			buildActionMask = 2147483647;
			files = (
			);
			runOnlyForDeploymentPostprocessing = 0;
		};
/* End PBXFrameworksBuildPhase section */

/* Begin PBXGroup section */
		6D9739B1182B762B0086C153 = {
			isa = PBXGroup;
			children = (
				6D9739E3182B76B90086C153 /* src */,
				6D9739BB182B762B0086C153 /* Products */,
			);
			sourceTree = "<group>";
		};
		6D9739BB182B762B0086C153 /* Products */ = {
			isa = PBXGroup;
			children = (
				6D9739BA182B762B0086C153 /* libBoost.Regex.a */,
			);
			name = Products;
			sourceTree = "<group>";
		};
		6D9739E3182B76B90086C153 /* src */ = {
			isa = PBXGroup;
			children = (
				6D9739E4182B76B90086C153 /* c_regex_traits.cpp */,
				6D9739E5182B76B90086C153 /* cpp_regex_traits.cpp */,
				6D9739E6182B76B90086C153 /* cregex.cpp */,
				6D9739E7182B76B90086C153 /* fileiter.cpp */,
				6D9739E8182B76B90086C153 /* icu.cpp */,
				6D9739E9182B76B90086C153 /* instances.cpp */,
				6D9739EA182B76B90086C153 /* internals.hpp */,
				6D9739EB182B76B90086C153 /* posix_api.cpp */,
				6D9739EC182B76B90086C153 /* regex.cpp */,
				6D9739ED182B76B90086C153 /* regex_debug.cpp */,
				6D9739EE182B76B90086C153 /* regex_raw_buffer.cpp */,
				6D9739EF182B76B90086C153 /* regex_traits_defaults.cpp */,
				6D9739F0182B76B90086C153 /* static_mutex.cpp */,
				6D9739F1182B76B90086C153 /* usinstances.cpp */,
				6D9739F2182B76B90086C153 /* w32_regex_traits.cpp */,
				6D9739F3182B76B90086C153 /* wc_regex_traits.cpp */,
				6D9739F4182B76B90086C153 /* wide_posix_api.cpp */,
				6D9739F5182B76B90086C153 /* winstances.cpp */,
			);
			name = src;
			path = ../src;
			sourceTree = "<group>";
		};
/* End PBXGroup section */

/* Begin PBXNativeTarget section */
		6D9739B9182B762B0086C153 /* Boost.Regex */ = {
			isa = PBXNativeTarget;
			buildConfigurationList = 6D9739DD182B762B0086C153 /* Build configuration list for PBXNativeTarget "Boost.Regex" */;
			buildPhases = (
				6D9739B6182B762B0086C153 /* Sources */,
				6D9739B7182B762B0086C153 /* Frameworks */,
				6D9739B8182B762B0086C153 /* CopyFiles */,
			);
			buildRules = (
			);
			dependencies = (
			);
			name = Boost.Regex;
			productName = Boost.Regex;
			productReference = 6D9739BA182B762B0086C153 /* libBoost.Regex.a */;
			productType = "com.apple.product-type.library.static";
		};
/* End PBXNativeTarget section */

/* Begin PBXProject section */
		6D9739B2182B762B0086C153 /* Project object */ = {
			isa = PBXProject;
			attributes = {
				LastUpgradeCheck = 0500;
				ORGANIZATIONNAME = Sixion;
			};
			buildConfigurationList = 6D9739B5182B762B0086C153 /* Build configuration list for PBXProject "Boost.Regex" */;
			compatibilityVersion = "Xcode 3.2";
			developmentRegion = English;
			hasScannedForEncodings = 0;
			knownRegions = (
				en,
			);
			mainGroup = 6D9739B1182B762B0086C153;
			productRefGroup = 6D9739BB182B762B0086C153 /* Products */;
			projectDirPath = "";
			projectRoot = "";
			targets = (
				6D9739B9182B762B0086C153 /* Boost.Regex */,
			);
		};
/* End PBXProject section */

/* Begin PBXSourcesBuildPhase section */
		6D9739B6182B762B0086C153 /* Sources */ = {
			isa = PBXSourcesBuildPhase;
			buildActionMask = 2147483647;
			files = (
				6D9739FA182B76B90086C153 /* icu.cpp in Sources */,
				6D973A03182B76B90086C153 /* w32_regex_traits.cpp in Sources */,
				6D9739F7182B76B90086C153 /* cpp_regex_traits.cpp in Sources */,
				6D9739FF182B76B90086C153 /* regex_raw_buffer.cpp in Sources */,
				6D973A02182B76B90086C153 /* usinstances.cpp in Sources */,
				6D9739FE182B76B90086C153 /* regex_debug.cpp in Sources */,
				6D973A00182B76B90086C153 /* regex_traits_defaults.cpp in Sources */,
				6D973A05182B76B90086C153 /* wide_posix_api.cpp in Sources */,
				6D9739FB182B76B90086C153 /* instances.cpp in Sources */,
				6D973A04182B76B90086C153 /* wc_regex_traits.cpp in Sources */,
				6D9739F9182B76B90086C153 /* fileiter.cpp in Sources */,
				6D9739F6182B76B90086C153 /* c_regex_traits.cpp in Sources */,
				6D9739FD182B76B90086C153 /* regex.cpp in Sources */,
				6D9739FC182B76B90086C153 /* posix_api.cpp in Sources */,
				6D9739F8182B76B90086C153 /* cregex.cpp in Sources */,
				6D973A01182B76B90086C153 /* static_mutex.cpp in Sources */,
				6D973A06182B76B90086C153 /* winstances.cpp in Sources */,
			);
			runOnlyForDeploymentPostprocessing = 0;
		};
/* End PBXSourcesBuildPhase section */

/* Begin XCBuildConfiguration section */
		6D9739DB182B762B0086C153 /* Debug */ = {
			isa = XCBuildConfiguration;
			buildSettings = {
				ALWAYS_SEARCH_USER_PATHS = NO;
				ARCHS = "$(ARCHS_STANDARD_INCLUDING_64_BIT)";
				CLANG_CXX_LANGUAGE_STANDARD = "c++0x";
				CLANG_CXX_LIBRARY = "libc++";
				CLANG_ENABLE_MODULES = YES;
				CLANG_ENABLE_OBJC_ARC = YES;
				CLANG_WARN_BOOL_CONVERSION = YES;
				CLANG_WARN_CONSTANT_CONVERSION = YES;
				CLANG_WARN_DIRECT_OBJC_ISA_USAGE = YES_ERROR;
				CLANG_WARN_EMPTY_BODY = YES;
				CLANG_WARN_ENUM_CONVERSION = YES;
				CLANG_WARN_INT_CONVERSION = YES;
				CLANG_WARN_OBJC_ROOT_CLASS = YES_ERROR;
				CLANG_WARN__DUPLICATE_METHOD_MATCH = YES;
				CONFIGURATION_BUILD_DIR = "../../lib/ios$(EFFECTIVE_PLATFORM_NAME)";
				COPY_PHASE_STRIP = NO;
				GCC_C_LANGUAGE_STANDARD = gnu99;
				GCC_DYNAMIC_NO_PIC = NO;
				GCC_OPTIMIZATION_LEVEL = 0;
				GCC_PREPROCESSOR_DEFINITIONS = (
					"DEBUG=1",
					"$(inherited)",
				);
				GCC_SYMBOLS_PRIVATE_EXTERN = NO;
				GCC_WARN_64_TO_32_BIT_CONVERSION = YES;
				GCC_WARN_ABOUT_RETURN_TYPE = YES_ERROR;
				GCC_WARN_UNDECLARED_SELECTOR = YES;
				GCC_WARN_UNINITIALIZED_AUTOS = YES;
				GCC_WARN_UNUSED_FUNCTION = YES;
				GCC_WARN_UNUSED_VARIABLE = YES;
				HEADER_SEARCH_PATHS = (
					"$(inherited)",
					/Applications/Xcode.app/Contents/Developer/Toolchains/XcodeDefault.xctoolchain/usr/include,
					../../include,
				);
				IPHONEOS_DEPLOYMENT_TARGET = 6.0;
				ONLY_ACTIVE_ARCH = NO;
				SDKROOT = iphoneos;
				TARGETED_DEVICE_FAMILY = "1,2";
			};
			name = Debug;
		};
		6D9739DC182B762B0086C153 /* Release */ = {
			isa = XCBuildConfiguration;
			buildSettings = {
				ALWAYS_SEARCH_USER_PATHS = NO;
				ARCHS = "$(ARCHS_STANDARD_INCLUDING_64_BIT)";
				CLANG_CXX_LANGUAGE_STANDARD = "c++0x";
				CLANG_CXX_LIBRARY = "libc++";
				CLANG_ENABLE_MODULES = YES;
				CLANG_ENABLE_OBJC_ARC = YES;
				CLANG_WARN_BOOL_CONVERSION = YES;
				CLANG_WARN_CONSTANT_CONVERSION = YES;
				CLANG_WARN_DIRECT_OBJC_ISA_USAGE = YES_ERROR;
				CLANG_WARN_EMPTY_BODY = YES;
				CLANG_WARN_ENUM_CONVERSION = YES;
				CLANG_WARN_INT_CONVERSION = YES;
				CLANG_WARN_OBJC_ROOT_CLASS = YES_ERROR;
				CLANG_WARN__DUPLICATE_METHOD_MATCH = YES;
				CONFIGURATION_BUILD_DIR = "../../lib/ios$(EFFECTIVE_PLATFORM_NAME)";
				COPY_PHASE_STRIP = YES;
				ENABLE_NS_ASSERTIONS = NO;
				GCC_C_LANGUAGE_STANDARD = gnu99;
				GCC_WARN_64_TO_32_BIT_CONVERSION = YES;
				GCC_WARN_ABOUT_RETURN_TYPE = YES_ERROR;
				GCC_WARN_UNDECLARED_SELECTOR = YES;
				GCC_WARN_UNINITIALIZED_AUTOS = YES;
				GCC_WARN_UNUSED_FUNCTION = YES;
				GCC_WARN_UNUSED_VARIABLE = YES;
				HEADER_SEARCH_PATHS = (
					"$(inherited)",
					/Applications/Xcode.app/Contents/Developer/Toolchains/XcodeDefault.xctoolchain/usr/include,
					../../include,
				);
				IPHONEOS_DEPLOYMENT_TARGET = 6.0;
				ONLY_ACTIVE_ARCH = NO;
				SDKROOT = iphoneos;
				TARGETED_DEVICE_FAMILY = "1,2";
				VALIDATE_PRODUCT = YES;
			};
			name = Release;
		};
		6D9739DE182B762B0086C153 /* Debug */ = {
			isa = XCBuildConfiguration;
			buildSettings = {
				DSTROOT = /tmp/Boost_Regex.dst;
				GCC_PRECOMPILE_PREFIX_HEADER = YES;
				GCC_PREFIX_HEADER = "";
				OTHER_LDFLAGS = "-ObjC";
				PRODUCT_NAME = "$(TARGET_NAME)";
				SKIP_INSTALL = YES;
			};
			name = Debug;
		};
		6D9739DF182B762B0086C153 /* Release */ = {
			isa = XCBuildConfiguration;
			buildSettings = {
				DSTROOT = /tmp/Boost_Regex.dst;
				GCC_PRECOMPILE_PREFIX_HEADER = YES;
				GCC_PREFIX_HEADER = "";
				OTHER_LDFLAGS = "-ObjC";
				PRODUCT_NAME = "$(TARGET_NAME)";
				SKIP_INSTALL = YES;
			};
			name = Release;
		};
/* End XCBuildConfiguration section */

/* Begin XCConfigurationList section */
		6D9739B5182B762B0086C153 /* Build configuration list for PBXProject "Boost.Regex" */ = {
			isa = XCConfigurationList;
			buildConfigurations = (
				6D9739DB182B762B0086C153 /* Debug */,
				6D9739DC182B762B0086C153 /* Release */,
			);
			defaultConfigurationIsVisible = 0;
			defaultConfigurationName = Release;
		};
		6D9739DD182B762B0086C153 /* Build configuration list for PBXNativeTarget "Boost.Regex" */ = {
			isa = XCConfigurationList;
			buildConfigurations = (
				6D9739DE182B762B0086C153 /* Debug */,
				6D9739DF182B762B0086C153 /* Release */,
			);
			defaultConfigurationIsVisible = 0;
			defaultConfigurationName = Release;
		};
/* End XCConfigurationList section */
	};
	rootObject = 6D9739B2182B762B0086C153 /* Project object */;
}
