
Microsoft Visual Studio Solution File, Format Version 12.00
# Visual Studio Express 2012 for Windows Desktop
Project("{8BC9CEB8-8B4A-11D0-8D11-00A0C91BC942}") = "tinyxml2_vc11", "tinyxml2_vc11.vcxproj", "{F7BA5BF8-4C2C-4925-B182-668C46846185}"
EndProject
Global
	GlobalSection(SolutionConfigurationPlatforms) = preSolution
		Debug|Win32 = Debug|Win32
		Release|Win32 = Release|Win32
	EndGlobalSection
	GlobalSection(ProjectConfigurationPlatforms) = postSolution
		{F7BA5BF8-4C2C-4925-B182-668C46846185}.Debug|Win32.ActiveCfg = Debug|Win32
		{F7BA5BF8-4C2C-4925-B182-668C46846185}.Debug|Win32.Build.0 = Debug|Win32
		{F7BA5BF8-4C2C-4925-B182-668C46846185}.Release|Win32.ActiveCfg = Release|Win32
		{F7BA5BF8-4C2C-4925-B182-668C46846185}.Release|Win32.Build.0 = Release|Win32
	EndGlobalSection
	GlobalSection(SolutionProperties) = preSolution
		HideSolutionNode = FALSE
	EndGlobalSection
EndGlobal
