
Microsoft Visual Studio Solution File, Format Version 12.00
# Visual Studio 2013
VisualStudioVersion = 12.0.31101.0
MinimumVisualStudioVersion = 10.0.40219.1
Project("{8BC9CEB8-8B4A-11D0-8D11-00A0C91BC942}") = "Chipmunk", "Chipmunk.vcxproj", "{890D8FC8-5802-4291-AE16-7FA098B0B01A}"
EndProject
Global
	GlobalSection(SolutionConfigurationPlatforms) = preSolution
		Debug|Win32 = Debug|Win32
		Release|Win32 = Release|Win32
	EndGlobalSection
	GlobalSection(ProjectConfigurationPlatforms) = postSolution
		{890D8FC8-5802-4291-AE16-7FA098B0B01A}.Debug|Win32.ActiveCfg = Debug|Win32
		{890D8FC8-5802-4291-AE16-7FA098B0B01A}.Debug|Win32.Build.0 = Debug|Win32
		{890D8FC8-5802-4291-AE16-7FA098B0B01A}.Release|Win32.ActiveCfg = Release|Win32
		{890D8FC8-5802-4291-AE16-7FA098B0B01A}.Release|Win32.Build.0 = Release|Win32
	EndGlobalSection
	GlobalSection(SolutionProperties) = preSolution
		HideSolutionNode = FALSE
	EndGlobalSection
EndGlobal
