<?xml version="1.0" encoding="utf-8"?>
<Project ToolsVersion="4.0" xmlns="http://schemas.microsoft.com/developer/msbuild/2003">
  <ItemGroup>
    <Filter Include="Sources">
      <UniqueIdentifier>{4FC737F1-C7A5-4376-A066-2A32D752A2FF}</UniqueIdentifier>
      <Extensions>cpp;c;cc;cxx;def;odl;idl;hpj;bat;asm;asmx</Extensions>
    </Filter>
    <Filter Include="Public Headers">
      <UniqueIdentifier>{93995380-89BD-4b04-88EB-625FBE52EBFB}</UniqueIdentifier>
      <Extensions>h;hpp;hxx;hm;inl;inc;xsd</Extensions>
    </Filter>
    <Filter Include="Public Headers\JSONDefs">
      <UniqueIdentifier>{4d2649b0-eb00-4369-86d9-1c784e87130b}</UniqueIdentifier>
    </Filter>
    <Filter Include="Public Headers\Dependencies">
      <UniqueIdentifier>{810b697a-75d8-4351-9b41-534f3af88b72}</UniqueIdentifier>
    </Filter>
    <Filter Include="Public Headers\Dependencies\libbase64++">
      <UniqueIdentifier>{bd0445f8-4263-4ffc-bd59-501ed3f83836}</UniqueIdentifier>
    </Filter>
    <Filter Include="Public Headers\Dependencies\mempool++">
      <UniqueIdentifier>{1615bb3c-9365-4e71-a1d6-daaf8a474856}</UniqueIdentifier>
    </Filter>
  </ItemGroup>
  <ItemGroup>
    <ClInclude Include="..\include\libjson\JSONDefs\GNU_C.h">
      <Filter>Public Headers\JSONDefs</Filter>
    </ClInclude>
    <ClInclude Include="..\include\libjson\JSONDefs\Strings_Defs.h">
      <Filter>Public Headers\JSONDefs</Filter>
    </ClInclude>
    <ClInclude Include="..\include\libjson\JSONDefs\Unknown_C.h">
      <Filter>Public Headers\JSONDefs</Filter>
    </ClInclude>
    <ClInclude Include="..\include\libjson\JSONDefs\Visual_C.h">
      <Filter>Public Headers\JSONDefs</Filter>
    </ClInclude>
    <ClInclude Include="..\include\libjson\internalJSONNode.h">
      <Filter>Public Headers</Filter>
    </ClInclude>
    <ClInclude Include="..\include\libjson\JSON_Base64.h">
      <Filter>Public Headers</Filter>
    </ClInclude>
    <ClInclude Include="..\include\libjson\JSONAllocator.h">
      <Filter>Public Headers</Filter>
    </ClInclude>
    <ClInclude Include="..\include\libjson\JSONChildren.h">
      <Filter>Public Headers</Filter>
    </ClInclude>
    <ClInclude Include="..\include\libjson\JSONDebug.h">
      <Filter>Public Headers</Filter>
    </ClInclude>
    <ClInclude Include="..\include\libjson\JSONDefs.h">
      <Filter>Public Headers</Filter>
    </ClInclude>
    <ClInclude Include="..\include\libjson\JSONGlobals.h">
      <Filter>Public Headers</Filter>
    </ClInclude>
    <ClInclude Include="..\include\libjson\JSONMemory.h">
      <Filter>Public Headers</Filter>
    </ClInclude>
    <ClInclude Include="..\include\libjson\JSONMemoryPool.h">
      <Filter>Public Headers</Filter>
    </ClInclude>
    <ClInclude Include="..\include\libjson\JSONNode.h">
      <Filter>Public Headers</Filter>
    </ClInclude>
    <ClInclude Include="..\include\libjson\JSONOptions.h">
      <Filter>Public Headers</Filter>
    </ClInclude>
    <ClInclude Include="..\include\libjson\JSONPreparse.h">
      <Filter>Public Headers</Filter>
    </ClInclude>
    <ClInclude Include="..\include\libjson\JSONSharedString.h">
      <Filter>Public Headers</Filter>
    </ClInclude>
    <ClInclude Include="..\include\libjson\JSONSingleton.h">
      <Filter>Public Headers</Filter>
    </ClInclude>
    <ClInclude Include="..\include\libjson\JSONStats.h">
      <Filter>Public Headers</Filter>
    </ClInclude>
    <ClInclude Include="..\include\libjson\JSONStream.h">
      <Filter>Public Headers</Filter>
    </ClInclude>
    <ClInclude Include="..\include\libjson\JSONValidator.h">
      <Filter>Public Headers</Filter>
    </ClInclude>
    <ClInclude Include="..\include\libjson\JSONWorker.h">
      <Filter>Public Headers</Filter>
    </ClInclude>
    <ClInclude Include="..\include\libjson\libjson.h">
      <Filter>Public Headers</Filter>
    </ClInclude>
    <ClInclude Include="..\include\libjson\NumberToString.h">
      <Filter>Public Headers</Filter>
    </ClInclude>
    <ClInclude Include="..\include\libjson\Dependencies\libbase64++\libbase64++.h">
      <Filter>Public Headers\Dependencies\libbase64++</Filter>
    </ClInclude>
    <ClInclude Include="..\include\libjson\Dependencies\mempool++\mempool.h">
      <Filter>Public Headers\Dependencies\mempool++</Filter>
    </ClInclude>
  </ItemGroup>
  <ItemGroup>
    <ClCompile Include="internalJSONNode.cpp">
      <Filter>Sources</Filter>
    </ClCompile>
    <ClCompile Include="JSONAllocator.cpp">
      <Filter>Sources</Filter>
    </ClCompile>
    <ClCompile Include="JSONChildren.cpp">
      <Filter>Sources</Filter>
    </ClCompile>
    <ClCompile Include="JSONDebug.cpp">
      <Filter>Sources</Filter>
    </ClCompile>
    <ClCompile Include="JSONIterators.cpp">
      <Filter>Sources</Filter>
    </ClCompile>
    <ClCompile Include="JSONMemory.cpp">
      <Filter>Sources</Filter>
    </ClCompile>
    <ClCompile Include="JSONNode.cpp">
      <Filter>Sources</Filter>
    </ClCompile>
    <ClCompile Include="JSONNode_Mutex.cpp">
      <Filter>Sources</Filter>
    </ClCompile>
    <ClCompile Include="JSONPreparse.cpp">
      <Filter>Sources</Filter>
    </ClCompile>
    <ClCompile Include="JSONStream.cpp">
      <Filter>Sources</Filter>
    </ClCompile>
    <ClCompile Include="JSONValidator.cpp">
      <Filter>Sources</Filter>
    </ClCompile>
    <ClCompile Include="JSONWorker.cpp">
      <Filter>Sources</Filter>
    </ClCompile>
    <ClCompile Include="JSONWriter.cpp">
      <Filter>Sources</Filter>
    </ClCompile>
    <ClCompile Include="libjson.cpp">
      <Filter>Sources</Filter>
    </ClCompile>
  </ItemGroup>
</Project>