// !$*UTF8*$!
{
	archiveVersion = 1;
	classes = {
	};
	objectVersion = 46;
	objects = {

/* Begin PBXBuildFile section */
		0154C9E91992166800D7B67D /* AssertException.cpp in Sources */ = {isa = PBXBuildFile; fileRef = 0154C9D01992166800D7B67D /* AssertException.cpp */; };
		0154C9EA1992166800D7B67D /* Checks.cpp in Sources */ = {isa = PBXBuildFile; fileRef = 0154C9D11992166800D7B67D /* Checks.cpp */; };
		0154C9EB1992166800D7B67D /* CurrentTest.cpp in Sources */ = {isa = PBXBuildFile; fileRef = 0154C9D21992166800D7B67D /* CurrentTest.cpp */; };
		0154C9EC1992166800D7B67D /* DeferredTestReporter.cpp in Sources */ = {isa = PBXBuildFile; fileRef = 0154C9D31992166800D7B67D /* DeferredTestReporter.cpp */; };
		0154C9ED1992166800D7B67D /* DeferredTestReporter.h in Headers */ = {isa = PBXBuildFile; fileRef = 0154C9D41992166800D7B67D /* DeferredTestReporter.h */; };
		0154C9EE1992166800D7B67D /* DeferredTestResult.cpp in Sources */ = {isa = PBXBuildFile; fileRef = 0154C9D51992166800D7B67D /* DeferredTestResult.cpp */; };
		0154C9EF1992166800D7B67D /* DeferredTestResult.h in Headers */ = {isa = PBXBuildFile; fileRef = 0154C9D61992166800D7B67D /* DeferredTestResult.h */; };
		0154C9F01992166800D7B67D /* MemoryOutStream.cpp in Sources */ = {isa = PBXBuildFile; fileRef = 0154C9D71992166800D7B67D /* MemoryOutStream.cpp */; };
		0154C9F11992166800D7B67D /* SignalTranslator.cpp in Sources */ = {isa = PBXBuildFile; fileRef = 0154C9D91992166800D7B67D /* SignalTranslator.cpp */; };
		0154C9F21992166800D7B67D /* TimeHelpers.cpp in Sources */ = {isa = PBXBuildFile; fileRef = 0154C9DA1992166800D7B67D /* TimeHelpers.cpp */; };
		0154C9F31992166800D7B67D /* ReportAssert.cpp in Sources */ = {isa = PBXBuildFile; fileRef = 0154C9DB1992166800D7B67D /* ReportAssert.cpp */; };
		0154C9F41992166800D7B67D /* ReportAssert.h in Headers */ = {isa = PBXBuildFile; fileRef = 0154C9DC1992166800D7B67D /* ReportAssert.h */; };
		0154C9F51992166800D7B67D /* Test.cpp in Sources */ = {isa = PBXBuildFile; fileRef = 0154C9DD1992166800D7B67D /* Test.cpp */; };
		0154C9F61992166800D7B67D /* TestDetails.cpp in Sources */ = {isa = PBXBuildFile; fileRef = 0154C9DE1992166800D7B67D /* TestDetails.cpp */; };
		0154C9F71992166800D7B67D /* TestList.cpp in Sources */ = {isa = PBXBuildFile; fileRef = 0154C9DF1992166800D7B67D /* TestList.cpp */; };
		0154C9F81992166800D7B67D /* TestReporter.cpp in Sources */ = {isa = PBXBuildFile; fileRef = 0154C9E01992166800D7B67D /* TestReporter.cpp */; };
		0154C9F91992166800D7B67D /* TestReporterStdout.cpp in Sources */ = {isa = PBXBuildFile; fileRef = 0154C9E11992166800D7B67D /* TestReporterStdout.cpp */; };
		0154C9FA1992166800D7B67D /* TestResults.cpp in Sources */ = {isa = PBXBuildFile; fileRef = 0154C9E21992166800D7B67D /* TestResults.cpp */; };
		0154C9FB1992166800D7B67D /* TestRunner.cpp in Sources */ = {isa = PBXBuildFile; fileRef = 0154C9E31992166800D7B67D /* TestRunner.cpp */; };
		0154C9FC1992166800D7B67D /* TimeConstraint.cpp in Sources */ = {isa = PBXBuildFile; fileRef = 0154C9E41992166800D7B67D /* TimeConstraint.cpp */; };
		0154C9FE1992166800D7B67D /* XmlTestReporter.cpp in Sources */ = {isa = PBXBuildFile; fileRef = 0154C9E71992166800D7B67D /* XmlTestReporter.cpp */; };
		0154C9FF1992166800D7B67D /* XmlTestReporter.h in Headers */ = {isa = PBXBuildFile; fileRef = 0154C9E81992166800D7B67D /* XmlTestReporter.h */; };
/* End PBXBuildFile section */

/* Begin PBXFileReference section */
		0154C9C81992162500D7B67D /* libUnitTest++.a */ = {isa = PBXFileReference; explicitFileType = archive.ar; includeInIndex = 0; path = "libUnitTest++.a"; sourceTree = BUILT_PRODUCTS_DIR; };
		0154C9D01992166800D7B67D /* AssertException.cpp */ = {isa = PBXFileReference; fileEncoding = 4; lastKnownFileType = sourcecode.cpp.cpp; path = AssertException.cpp; sourceTree = "<group>"; };
		0154C9D11992166800D7B67D /* Checks.cpp */ = {isa = PBXFileReference; fileEncoding = 4; lastKnownFileType = sourcecode.cpp.cpp; path = Checks.cpp; sourceTree = "<group>"; };
		0154C9D21992166800D7B67D /* CurrentTest.cpp */ = {isa = PBXFileReference; fileEncoding = 4; lastKnownFileType = sourcecode.cpp.cpp; path = CurrentTest.cpp; sourceTree = "<group>"; };
		0154C9D31992166800D7B67D /* DeferredTestReporter.cpp */ = {isa = PBXFileReference; fileEncoding = 4; lastKnownFileType = sourcecode.cpp.cpp; path = DeferredTestReporter.cpp; sourceTree = "<group>"; };
		0154C9D41992166800D7B67D /* DeferredTestReporter.h */ = {isa = PBXFileReference; fileEncoding = 4; lastKnownFileType = sourcecode.c.h; path = DeferredTestReporter.h; sourceTree = "<group>"; };
		0154C9D51992166800D7B67D /* DeferredTestResult.cpp */ = {isa = PBXFileReference; fileEncoding = 4; lastKnownFileType = sourcecode.cpp.cpp; path = DeferredTestResult.cpp; sourceTree = "<group>"; };
		0154C9D61992166800D7B67D /* DeferredTestResult.h */ = {isa = PBXFileReference; fileEncoding = 4; lastKnownFileType = sourcecode.c.h; path = DeferredTestResult.h; sourceTree = "<group>"; };
		0154C9D71992166800D7B67D /* MemoryOutStream.cpp */ = {isa = PBXFileReference; fileEncoding = 4; lastKnownFileType = sourcecode.cpp.cpp; path = MemoryOutStream.cpp; sourceTree = "<group>"; };
		0154C9D91992166800D7B67D /* SignalTranslator.cpp */ = {isa = PBXFileReference; fileEncoding = 4; lastKnownFileType = sourcecode.cpp.cpp; path = SignalTranslator.cpp; sourceTree = "<group>"; };
		0154C9DA1992166800D7B67D /* TimeHelpers.cpp */ = {isa = PBXFileReference; fileEncoding = 4; lastKnownFileType = sourcecode.cpp.cpp; path = TimeHelpers.cpp; sourceTree = "<group>"; };
		0154C9DB1992166800D7B67D /* ReportAssert.cpp */ = {isa = PBXFileReference; fileEncoding = 4; lastKnownFileType = sourcecode.cpp.cpp; path = ReportAssert.cpp; sourceTree = "<group>"; };
		0154C9DC1992166800D7B67D /* ReportAssert.h */ = {isa = PBXFileReference; fileEncoding = 4; lastKnownFileType = sourcecode.c.h; path = ReportAssert.h; sourceTree = "<group>"; };
		0154C9DD1992166800D7B67D /* Test.cpp */ = {isa = PBXFileReference; fileEncoding = 4; lastKnownFileType = sourcecode.cpp.cpp; path = Test.cpp; sourceTree = "<group>"; };
		0154C9DE1992166800D7B67D /* TestDetails.cpp */ = {isa = PBXFileReference; fileEncoding = 4; lastKnownFileType = sourcecode.cpp.cpp; path = TestDetails.cpp; sourceTree = "<group>"; };
		0154C9DF1992166800D7B67D /* TestList.cpp */ = {isa = PBXFileReference; fileEncoding = 4; lastKnownFileType = sourcecode.cpp.cpp; path = TestList.cpp; sourceTree = "<group>"; };
		0154C9E01992166800D7B67D /* TestReporter.cpp */ = {isa = PBXFileReference; fileEncoding = 4; lastKnownFileType = sourcecode.cpp.cpp; path = TestReporter.cpp; sourceTree = "<group>"; };
		0154C9E11992166800D7B67D /* TestReporterStdout.cpp */ = {isa = PBXFileReference; fileEncoding = 4; lastKnownFileType = sourcecode.cpp.cpp; path = TestReporterStdout.cpp; sourceTree = "<group>"; };
		0154C9E21992166800D7B67D /* TestResults.cpp */ = {isa = PBXFileReference; fileEncoding = 4; lastKnownFileType = sourcecode.cpp.cpp; path = TestResults.cpp; sourceTree = "<group>"; };
		0154C9E31992166800D7B67D /* TestRunner.cpp */ = {isa = PBXFileReference; fileEncoding = 4; lastKnownFileType = sourcecode.cpp.cpp; path = TestRunner.cpp; sourceTree = "<group>"; };
		0154C9E41992166800D7B67D /* TimeConstraint.cpp */ = {isa = PBXFileReference; fileEncoding = 4; lastKnownFileType = sourcecode.cpp.cpp; path = TimeConstraint.cpp; sourceTree = "<group>"; };
		0154C9E71992166800D7B67D /* XmlTestReporter.cpp */ = {isa = PBXFileReference; fileEncoding = 4; lastKnownFileType = sourcecode.cpp.cpp; path = XmlTestReporter.cpp; sourceTree = "<group>"; };
		0154C9E81992166800D7B67D /* XmlTestReporter.h */ = {isa = PBXFileReference; fileEncoding = 4; lastKnownFileType = sourcecode.c.h; path = XmlTestReporter.h; sourceTree = "<group>"; };
/* End PBXFileReference section */

/* Begin PBXFrameworksBuildPhase section */
		0154C9C51992162500D7B67D /* Frameworks */ = {
			isa = PBXFrameworksBuildPhase;
			buildActionMask = 2147483647;
			files = (
			);
			runOnlyForDeploymentPostprocessing = 0;
		};
/* End PBXFrameworksBuildPhase section */

/* Begin PBXGroup section */
		0154C9BF1992162500D7B67D = {
			isa = PBXGroup;
			children = (
				0154C9CF1992166800D7B67D /* src */,
				0154C9C91992162500D7B67D /* Products */,
			);
			sourceTree = "<group>";
		};
		0154C9C91992162500D7B67D /* Products */ = {
			isa = PBXGroup;
			children = (
				0154C9C81992162500D7B67D /* libUnitTest++.a */,
			);
			name = Products;
			sourceTree = "<group>";
		};
		0154C9CF1992166800D7B67D /* src */ = {
			isa = PBXGroup;
			children = (
				0154C9D01992166800D7B67D /* AssertException.cpp */,
				0154C9D11992166800D7B67D /* Checks.cpp */,
				0154C9D21992166800D7B67D /* CurrentTest.cpp */,
				0154C9D31992166800D7B67D /* DeferredTestReporter.cpp */,
				0154C9D41992166800D7B67D /* DeferredTestReporter.h */,
				0154C9D51992166800D7B67D /* DeferredTestResult.cpp */,
				0154C9D61992166800D7B67D /* DeferredTestResult.h */,
				0154C9D71992166800D7B67D /* MemoryOutStream.cpp */,
				0154C9D81992166800D7B67D /* Posix */,
				0154C9DB1992166800D7B67D /* ReportAssert.cpp */,
				0154C9DC1992166800D7B67D /* ReportAssert.h */,
				0154C9DD1992166800D7B67D /* Test.cpp */,
				0154C9DE1992166800D7B67D /* TestDetails.cpp */,
				0154C9DF1992166800D7B67D /* TestList.cpp */,
				0154C9E01992166800D7B67D /* TestReporter.cpp */,
				0154C9E11992166800D7B67D /* TestReporterStdout.cpp */,
				0154C9E21992166800D7B67D /* TestResults.cpp */,
				0154C9E31992166800D7B67D /* TestRunner.cpp */,
				0154C9E41992166800D7B67D /* TimeConstraint.cpp */,
				0154C9E71992166800D7B67D /* XmlTestReporter.cpp */,
				0154C9E81992166800D7B67D /* XmlTestReporter.h */,
			);
			name = src;
			path = ../src;
			sourceTree = "<group>";
		};
		0154C9D81992166800D7B67D /* Posix */ = {
			isa = PBXGroup;
			children = (
				0154C9D91992166800D7B67D /* SignalTranslator.cpp */,
				0154C9DA1992166800D7B67D /* TimeHelpers.cpp */,
			);
			path = Posix;
			sourceTree = "<group>";
		};
/* End PBXGroup section */

/* Begin PBXHeadersBuildPhase section */
		0154C9C61992162500D7B67D /* Headers */ = {
			isa = PBXHeadersBuildPhase;
			buildActionMask = 2147483647;
			files = (
				0154C9F41992166800D7B67D /* ReportAssert.h in Headers */,
				0154C9EF1992166800D7B67D /* DeferredTestResult.h in Headers */,
				0154C9ED1992166800D7B67D /* DeferredTestReporter.h in Headers */,
				0154C9FF1992166800D7B67D /* XmlTestReporter.h in Headers */,
			);
			runOnlyForDeploymentPostprocessing = 0;
		};
/* End PBXHeadersBuildPhase section */

/* Begin PBXNativeTarget section */
		0154C9C71992162500D7B67D /* UnitTest++ */ = {
			isa = PBXNativeTarget;
			buildConfigurationList = 0154C9CC1992162500D7B67D /* Build configuration list for PBXNativeTarget "UnitTest++" */;
			buildPhases = (
				0154C9C41992162500D7B67D /* Sources */,
				0154C9C51992162500D7B67D /* Frameworks */,
				0154C9C61992162500D7B67D /* Headers */,
			);
			buildRules = (
			);
			dependencies = (
			);
			name = "UnitTest++";
			productName = "UnitTest++";
			productReference = 0154C9C81992162500D7B67D /* libUnitTest++.a */;
			productType = "com.apple.product-type.library.static";
		};
/* End PBXNativeTarget section */

/* Begin PBXProject section */
		0154C9C01992162500D7B67D /* Project object */ = {
			isa = PBXProject;
			attributes = {
				LastUpgradeCheck = 0620;
				ORGANIZATIONNAME = "6ion Studio";
			};
			buildConfigurationList = 0154C9C31992162500D7B67D /* Build configuration list for PBXProject "UnitTest++" */;
			compatibilityVersion = "Xcode 3.2";
			developmentRegion = English;
			hasScannedForEncodings = 0;
			knownRegions = (
				en,
			);
			mainGroup = 0154C9BF1992162500D7B67D;
			productRefGroup = 0154C9C91992162500D7B67D /* Products */;
			projectDirPath = "";
			projectRoot = "";
			targets = (
				0154C9C71992162500D7B67D /* UnitTest++ */,
			);
		};
/* End PBXProject section */

/* Begin PBXSourcesBuildPhase section */
		0154C9C41992162500D7B67D /* Sources */ = {
			isa = PBXSourcesBuildPhase;
			buildActionMask = 2147483647;
			files = (
				0154C9F61992166800D7B67D /* TestDetails.cpp in Sources */,
				0154C9F71992166800D7B67D /* TestList.cpp in Sources */,
				0154C9EA1992166800D7B67D /* Checks.cpp in Sources */,
				0154C9F01992166800D7B67D /* MemoryOutStream.cpp in Sources */,
				0154C9F21992166800D7B67D /* TimeHelpers.cpp in Sources */,
				0154C9EC1992166800D7B67D /* DeferredTestReporter.cpp in Sources */,
				0154C9FA1992166800D7B67D /* TestResults.cpp in Sources */,
				0154C9EE1992166800D7B67D /* DeferredTestResult.cpp in Sources */,
				0154C9F11992166800D7B67D /* SignalTranslator.cpp in Sources */,
				0154C9FC1992166800D7B67D /* TimeConstraint.cpp in Sources */,
				0154C9FB1992166800D7B67D /* TestRunner.cpp in Sources */,
				0154C9EB1992166800D7B67D /* CurrentTest.cpp in Sources */,
				0154C9F91992166800D7B67D /* TestReporterStdout.cpp in Sources */,
				0154C9F81992166800D7B67D /* TestReporter.cpp in Sources */,
				0154C9E91992166800D7B67D /* AssertException.cpp in Sources */,
				0154C9F31992166800D7B67D /* ReportAssert.cpp in Sources */,
				0154C9F51992166800D7B67D /* Test.cpp in Sources */,
				0154C9FE1992166800D7B67D /* XmlTestReporter.cpp in Sources */,
			);
			runOnlyForDeploymentPostprocessing = 0;
		};
/* End PBXSourcesBuildPhase section */

/* Begin XCBuildConfiguration section */
		0154C9CA1992162500D7B67D /* Debug */ = {
			isa = XCBuildConfiguration;
			buildSettings = {
				ALWAYS_SEARCH_USER_PATHS = NO;
				CLANG_CXX_LANGUAGE_STANDARD = "gnu++0x";
				CLANG_CXX_LIBRARY = "libc++";
				CLANG_ENABLE_MODULES = YES;
				CLANG_ENABLE_OBJC_ARC = YES;
				CLANG_WARN_BOOL_CONVERSION = YES;
				CLANG_WARN_CONSTANT_CONVERSION = YES;
				CLANG_WARN_DIRECT_OBJC_ISA_USAGE = YES_ERROR;
				CLANG_WARN_EMPTY_BODY = YES;
				CLANG_WARN_ENUM_CONVERSION = YES;
				CLANG_WARN_INT_CONVERSION = YES;
				CLANG_WARN_OBJC_ROOT_CLASS = YES_ERROR;
				CLANG_WARN__DUPLICATE_METHOD_MATCH = YES;
				COPY_PHASE_STRIP = NO;
				GCC_C_LANGUAGE_STANDARD = gnu99;
				GCC_DYNAMIC_NO_PIC = NO;
				GCC_ENABLE_OBJC_EXCEPTIONS = YES;
				GCC_OPTIMIZATION_LEVEL = 0;
				GCC_PREPROCESSOR_DEFINITIONS = (
					"DEBUG=1",
					"$(inherited)",
				);
				GCC_SYMBOLS_PRIVATE_EXTERN = NO;
				GCC_WARN_64_TO_32_BIT_CONVERSION = YES;
				GCC_WARN_ABOUT_RETURN_TYPE = YES_ERROR;
				GCC_WARN_UNDECLARED_SELECTOR = YES;
				GCC_WARN_UNINITIALIZED_AUTOS = YES_AGGRESSIVE;
				GCC_WARN_UNUSED_FUNCTION = YES;
				GCC_WARN_UNUSED_VARIABLE = YES;
				MACOSX_DEPLOYMENT_TARGET = 10.9;
				OBJROOT = obj;
				SDKROOT = macosx;
				SYMROOT = "$(SRCROOT)/../../lib/Mac";
				USER_HEADER_SEARCH_PATHS = "../../include/UnitTest++";
			};
			name = Debug;
		};
		0154C9CB1992162500D7B67D /* Release */ = {
			isa = XCBuildConfiguration;
			buildSettings = {
				ALWAYS_SEARCH_USER_PATHS = NO;
				CLANG_CXX_LANGUAGE_STANDARD = "gnu++0x";
				CLANG_CXX_LIBRARY = "libc++";
				CLANG_ENABLE_MODULES = YES;
				CLANG_ENABLE_OBJC_ARC = YES;
				CLANG_WARN_BOOL_CONVERSION = YES;
				CLANG_WARN_CONSTANT_CONVERSION = YES;
				CLANG_WARN_DIRECT_OBJC_ISA_USAGE = YES_ERROR;
				CLANG_WARN_EMPTY_BODY = YES;
				CLANG_WARN_ENUM_CONVERSION = YES;
				CLANG_WARN_INT_CONVERSION = YES;
				CLANG_WARN_OBJC_ROOT_CLASS = YES_ERROR;
				CLANG_WARN__DUPLICATE_METHOD_MATCH = YES;
				COPY_PHASE_STRIP = YES;
				DEBUG_INFORMATION_FORMAT = "dwarf-with-dsym";
				ENABLE_NS_ASSERTIONS = NO;
				GCC_C_LANGUAGE_STANDARD = gnu99;
				GCC_ENABLE_OBJC_EXCEPTIONS = YES;
				GCC_WARN_64_TO_32_BIT_CONVERSION = YES;
				GCC_WARN_ABOUT_RETURN_TYPE = YES_ERROR;
				GCC_WARN_UNDECLARED_SELECTOR = YES;
				GCC_WARN_UNINITIALIZED_AUTOS = YES_AGGRESSIVE;
				GCC_WARN_UNUSED_FUNCTION = YES;
				GCC_WARN_UNUSED_VARIABLE = YES;
				MACOSX_DEPLOYMENT_TARGET = 10.9;
				OBJROOT = obj;
				SDKROOT = macosx;
				SYMROOT = "$(SRCROOT)/../../lib/Mac";
				USER_HEADER_SEARCH_PATHS = "../../include/UnitTest++";
			};
			name = Release;
		};
		0154C9CD1992162500D7B67D /* Debug */ = {
			isa = XCBuildConfiguration;
			buildSettings = {
				EXECUTABLE_PREFIX = lib;
				PRODUCT_NAME = "$(TARGET_NAME)";
			};
			name = Debug;
		};
		0154C9CE1992162500D7B67D /* Release */ = {
			isa = XCBuildConfiguration;
			buildSettings = {
				EXECUTABLE_PREFIX = lib;
				PRODUCT_NAME = "$(TARGET_NAME)";
			};
			name = Release;
		};
/* End XCBuildConfiguration section */

/* Begin XCConfigurationList section */
		0154C9C31992162500D7B67D /* Build configuration list for PBXProject "UnitTest++" */ = {
			isa = XCConfigurationList;
			buildConfigurations = (
				0154C9CA1992162500D7B67D /* Debug */,
				0154C9CB1992162500D7B67D /* Release */,
			);
			defaultConfigurationIsVisible = 0;
			defaultConfigurationName = Release;
		};
		0154C9CC1992162500D7B67D /* Build configuration list for PBXNativeTarget "UnitTest++" */ = {
			isa = XCConfigurationList;
			buildConfigurations = (
				0154C9CD1992162500D7B67D /* Debug */,
				0154C9CE1992162500D7B67D /* Release */,
			);
			defaultConfigurationIsVisible = 0;
			defaultConfigurationName = Release;
		};
/* End XCConfigurationList section */
	};
	rootObject = 0154C9C01992162500D7B67D /* Project object */;
}
