// !$*UTF8*$!
{
	archiveVersion = 1;
	classes = {
	};
	objectVersion = 46;
	objects = {

/* Begin PBXBuildFile section */
		6A23F66618499FE700FD4293 /* AssertException.cpp in Sources */ = {isa = PBXBuildFile; fileRef = 6A23F64D18499FE600FD4293 /* AssertException.cpp */; };
		6A23F66718499FE700FD4293 /* Checks.cpp in Sources */ = {isa = PBXBuildFile; fileRef = 6A23F64E18499FE600FD4293 /* Checks.cpp */; };
		6A23F66818499FE700FD4293 /* CurrentTest.cpp in Sources */ = {isa = PBXBuildFile; fileRef = 6A23F64F18499FE600FD4293 /* CurrentTest.cpp */; };
		6A23F66918499FE700FD4293 /* DeferredTestReporter.cpp in Sources */ = {isa = PBXBuildFile; fileRef = 6A23F65018499FE600FD4293 /* DeferredTestReporter.cpp */; };
		6A23F66A18499FE700FD4293 /* DeferredTestReporter.h in Headers */ = {isa = PBXBuildFile; fileRef = 6A23F65118499FE600FD4293 /* DeferredTestReporter.h */; };
		6A23F66B18499FE700FD4293 /* DeferredTestResult.cpp in Sources */ = {isa = PBXBuildFile; fileRef = 6A23F65218499FE600FD4293 /* DeferredTestResult.cpp */; };
		6A23F66C18499FE700FD4293 /* DeferredTestResult.h in Headers */ = {isa = PBXBuildFile; fileRef = 6A23F65318499FE600FD4293 /* DeferredTestResult.h */; };
		6A23F66D18499FE700FD4293 /* MemoryOutStream.cpp in Sources */ = {isa = PBXBuildFile; fileRef = 6A23F65418499FE600FD4293 /* MemoryOutStream.cpp */; };
		6A23F66E18499FE700FD4293 /* SignalTranslator.cpp in Sources */ = {isa = PBXBuildFile; fileRef = 6A23F65618499FE600FD4293 /* SignalTranslator.cpp */; };
		6A23F66F18499FE700FD4293 /* TimeHelpers.cpp in Sources */ = {isa = PBXBuildFile; fileRef = 6A23F65718499FE600FD4293 /* TimeHelpers.cpp */; };
		6A23F67018499FE700FD4293 /* ReportAssert.cpp in Sources */ = {isa = PBXBuildFile; fileRef = 6A23F65818499FE600FD4293 /* ReportAssert.cpp */; };
		6A23F67118499FE700FD4293 /* ReportAssert.h in Headers */ = {isa = PBXBuildFile; fileRef = 6A23F65918499FE600FD4293 /* ReportAssert.h */; };
		6A23F67218499FE700FD4293 /* Test.cpp in Sources */ = {isa = PBXBuildFile; fileRef = 6A23F65A18499FE700FD4293 /* Test.cpp */; };
		6A23F67318499FE700FD4293 /* TestDetails.cpp in Sources */ = {isa = PBXBuildFile; fileRef = 6A23F65B18499FE700FD4293 /* TestDetails.cpp */; };
		6A23F67418499FE700FD4293 /* TestList.cpp in Sources */ = {isa = PBXBuildFile; fileRef = 6A23F65C18499FE700FD4293 /* TestList.cpp */; };
		6A23F67518499FE700FD4293 /* TestReporter.cpp in Sources */ = {isa = PBXBuildFile; fileRef = 6A23F65D18499FE700FD4293 /* TestReporter.cpp */; };
		6A23F67618499FE700FD4293 /* TestReporterStdout.cpp in Sources */ = {isa = PBXBuildFile; fileRef = 6A23F65E18499FE700FD4293 /* TestReporterStdout.cpp */; };
		6A23F67718499FE700FD4293 /* TestResults.cpp in Sources */ = {isa = PBXBuildFile; fileRef = 6A23F65F18499FE700FD4293 /* TestResults.cpp */; };
		6A23F67818499FE700FD4293 /* TestRunner.cpp in Sources */ = {isa = PBXBuildFile; fileRef = 6A23F66018499FE700FD4293 /* TestRunner.cpp */; };
		6A23F67918499FE700FD4293 /* TimeConstraint.cpp in Sources */ = {isa = PBXBuildFile; fileRef = 6A23F66118499FE700FD4293 /* TimeConstraint.cpp */; };
		6A23F67B18499FE700FD4293 /* XmlTestReporter.cpp in Sources */ = {isa = PBXBuildFile; fileRef = 6A23F66418499FE700FD4293 /* XmlTestReporter.cpp */; };
		6A23F67C18499FE700FD4293 /* XmlTestReporter.h in Headers */ = {isa = PBXBuildFile; fileRef = 6A23F66518499FE700FD4293 /* XmlTestReporter.h */; };
/* End PBXBuildFile section */

/* Begin PBXFileReference section */
		6A23F64518499FB200FD4293 /* libUnitTest++.a */ = {isa = PBXFileReference; explicitFileType = archive.ar; includeInIndex = 0; path = "libUnitTest++.a"; sourceTree = BUILT_PRODUCTS_DIR; };
		6A23F64D18499FE600FD4293 /* AssertException.cpp */ = {isa = PBXFileReference; fileEncoding = 4; lastKnownFileType = sourcecode.cpp.cpp; path = AssertException.cpp; sourceTree = "<group>"; };
		6A23F64E18499FE600FD4293 /* Checks.cpp */ = {isa = PBXFileReference; fileEncoding = 4; lastKnownFileType = sourcecode.cpp.cpp; path = Checks.cpp; sourceTree = "<group>"; };
		6A23F64F18499FE600FD4293 /* CurrentTest.cpp */ = {isa = PBXFileReference; fileEncoding = 4; lastKnownFileType = sourcecode.cpp.cpp; path = CurrentTest.cpp; sourceTree = "<group>"; };
		6A23F65018499FE600FD4293 /* DeferredTestReporter.cpp */ = {isa = PBXFileReference; fileEncoding = 4; lastKnownFileType = sourcecode.cpp.cpp; path = DeferredTestReporter.cpp; sourceTree = "<group>"; };
		6A23F65118499FE600FD4293 /* DeferredTestReporter.h */ = {isa = PBXFileReference; fileEncoding = 4; lastKnownFileType = sourcecode.c.h; path = DeferredTestReporter.h; sourceTree = "<group>"; };
		6A23F65218499FE600FD4293 /* DeferredTestResult.cpp */ = {isa = PBXFileReference; fileEncoding = 4; lastKnownFileType = sourcecode.cpp.cpp; path = DeferredTestResult.cpp; sourceTree = "<group>"; };
		6A23F65318499FE600FD4293 /* DeferredTestResult.h */ = {isa = PBXFileReference; fileEncoding = 4; lastKnownFileType = sourcecode.c.h; path = DeferredTestResult.h; sourceTree = "<group>"; };
		6A23F65418499FE600FD4293 /* MemoryOutStream.cpp */ = {isa = PBXFileReference; fileEncoding = 4; lastKnownFileType = sourcecode.cpp.cpp; path = MemoryOutStream.cpp; sourceTree = "<group>"; };
		6A23F65618499FE600FD4293 /* SignalTranslator.cpp */ = {isa = PBXFileReference; fileEncoding = 4; lastKnownFileType = sourcecode.cpp.cpp; path = SignalTranslator.cpp; sourceTree = "<group>"; };
		6A23F65718499FE600FD4293 /* TimeHelpers.cpp */ = {isa = PBXFileReference; fileEncoding = 4; lastKnownFileType = sourcecode.cpp.cpp; path = TimeHelpers.cpp; sourceTree = "<group>"; };
		6A23F65818499FE600FD4293 /* ReportAssert.cpp */ = {isa = PBXFileReference; fileEncoding = 4; lastKnownFileType = sourcecode.cpp.cpp; path = ReportAssert.cpp; sourceTree = "<group>"; };
		6A23F65918499FE600FD4293 /* ReportAssert.h */ = {isa = PBXFileReference; fileEncoding = 4; lastKnownFileType = sourcecode.c.h; path = ReportAssert.h; sourceTree = "<group>"; };
		6A23F65A18499FE700FD4293 /* Test.cpp */ = {isa = PBXFileReference; fileEncoding = 4; lastKnownFileType = sourcecode.cpp.cpp; path = Test.cpp; sourceTree = "<group>"; };
		6A23F65B18499FE700FD4293 /* TestDetails.cpp */ = {isa = PBXFileReference; fileEncoding = 4; lastKnownFileType = sourcecode.cpp.cpp; path = TestDetails.cpp; sourceTree = "<group>"; };
		6A23F65C18499FE700FD4293 /* TestList.cpp */ = {isa = PBXFileReference; fileEncoding = 4; lastKnownFileType = sourcecode.cpp.cpp; path = TestList.cpp; sourceTree = "<group>"; };
		6A23F65D18499FE700FD4293 /* TestReporter.cpp */ = {isa = PBXFileReference; fileEncoding = 4; lastKnownFileType = sourcecode.cpp.cpp; path = TestReporter.cpp; sourceTree = "<group>"; };
		6A23F65E18499FE700FD4293 /* TestReporterStdout.cpp */ = {isa = PBXFileReference; fileEncoding = 4; lastKnownFileType = sourcecode.cpp.cpp; path = TestReporterStdout.cpp; sourceTree = "<group>"; };
		6A23F65F18499FE700FD4293 /* TestResults.cpp */ = {isa = PBXFileReference; fileEncoding = 4; lastKnownFileType = sourcecode.cpp.cpp; path = TestResults.cpp; sourceTree = "<group>"; };
		6A23F66018499FE700FD4293 /* TestRunner.cpp */ = {isa = PBXFileReference; fileEncoding = 4; lastKnownFileType = sourcecode.cpp.cpp; path = TestRunner.cpp; sourceTree = "<group>"; };
		6A23F66118499FE700FD4293 /* TimeConstraint.cpp */ = {isa = PBXFileReference; fileEncoding = 4; lastKnownFileType = sourcecode.cpp.cpp; path = TimeConstraint.cpp; sourceTree = "<group>"; };
		6A23F66418499FE700FD4293 /* XmlTestReporter.cpp */ = {isa = PBXFileReference; fileEncoding = 4; lastKnownFileType = sourcecode.cpp.cpp; path = XmlTestReporter.cpp; sourceTree = "<group>"; };
		6A23F66518499FE700FD4293 /* XmlTestReporter.h */ = {isa = PBXFileReference; fileEncoding = 4; lastKnownFileType = sourcecode.c.h; path = XmlTestReporter.h; sourceTree = "<group>"; };
/* End PBXFileReference section */

/* Begin PBXFrameworksBuildPhase section */
		6A23F64218499FB200FD4293 /* Frameworks */ = {
			isa = PBXFrameworksBuildPhase;
			buildActionMask = 2147483647;
			files = (
			);
			runOnlyForDeploymentPostprocessing = 0;
		};
/* End PBXFrameworksBuildPhase section */

/* Begin PBXGroup section */
		6A23F63C18499FB200FD4293 = {
			isa = PBXGroup;
			children = (
				6A23F64C18499FE600FD4293 /* src */,
				6A23F64618499FB200FD4293 /* Products */,
			);
			sourceTree = "<group>";
		};
		6A23F64618499FB200FD4293 /* Products */ = {
			isa = PBXGroup;
			children = (
				6A23F64518499FB200FD4293 /* libUnitTest++.a */,
			);
			name = Products;
			sourceTree = "<group>";
		};
		6A23F64C18499FE600FD4293 /* src */ = {
			isa = PBXGroup;
			children = (
				6A23F64D18499FE600FD4293 /* AssertException.cpp */,
				6A23F64E18499FE600FD4293 /* Checks.cpp */,
				6A23F64F18499FE600FD4293 /* CurrentTest.cpp */,
				6A23F65018499FE600FD4293 /* DeferredTestReporter.cpp */,
				6A23F65118499FE600FD4293 /* DeferredTestReporter.h */,
				6A23F65218499FE600FD4293 /* DeferredTestResult.cpp */,
				6A23F65318499FE600FD4293 /* DeferredTestResult.h */,
				6A23F65418499FE600FD4293 /* MemoryOutStream.cpp */,
				6A23F65518499FE600FD4293 /* Posix */,
				6A23F65818499FE600FD4293 /* ReportAssert.cpp */,
				6A23F65918499FE600FD4293 /* ReportAssert.h */,
				6A23F65A18499FE700FD4293 /* Test.cpp */,
				6A23F65B18499FE700FD4293 /* TestDetails.cpp */,
				6A23F65C18499FE700FD4293 /* TestList.cpp */,
				6A23F65D18499FE700FD4293 /* TestReporter.cpp */,
				6A23F65E18499FE700FD4293 /* TestReporterStdout.cpp */,
				6A23F65F18499FE700FD4293 /* TestResults.cpp */,
				6A23F66018499FE700FD4293 /* TestRunner.cpp */,
				6A23F66118499FE700FD4293 /* TimeConstraint.cpp */,
				6A23F66418499FE700FD4293 /* XmlTestReporter.cpp */,
				6A23F66518499FE700FD4293 /* XmlTestReporter.h */,
			);
			name = src;
			path = ../src;
			sourceTree = "<group>";
		};
		6A23F65518499FE600FD4293 /* Posix */ = {
			isa = PBXGroup;
			children = (
				6A23F65618499FE600FD4293 /* SignalTranslator.cpp */,
				6A23F65718499FE600FD4293 /* TimeHelpers.cpp */,
			);
			path = Posix;
			sourceTree = "<group>";
		};
/* End PBXGroup section */

/* Begin PBXHeadersBuildPhase section */
		6A23F64318499FB200FD4293 /* Headers */ = {
			isa = PBXHeadersBuildPhase;
			buildActionMask = 2147483647;
			files = (
				6A23F67118499FE700FD4293 /* ReportAssert.h in Headers */,
				6A23F66C18499FE700FD4293 /* DeferredTestResult.h in Headers */,
				6A23F66A18499FE700FD4293 /* DeferredTestReporter.h in Headers */,
				6A23F67C18499FE700FD4293 /* XmlTestReporter.h in Headers */,
			);
			runOnlyForDeploymentPostprocessing = 0;
		};
/* End PBXHeadersBuildPhase section */

/* Begin PBXNativeTarget section */
		6A23F64418499FB200FD4293 /* UnitTest++ */ = {
			isa = PBXNativeTarget;
			buildConfigurationList = 6A23F64918499FB200FD4293 /* Build configuration list for PBXNativeTarget "UnitTest++" */;
			buildPhases = (
				6A23F64118499FB200FD4293 /* Sources */,
				6A23F64218499FB200FD4293 /* Frameworks */,
				6A23F64318499FB200FD4293 /* Headers */,
			);
			buildRules = (
			);
			dependencies = (
			);
			name = "UnitTest++";
			productName = "UnitTest++";
			productReference = 6A23F64518499FB200FD4293 /* libUnitTest++.a */;
			productType = "com.apple.product-type.library.static";
		};
/* End PBXNativeTarget section */

/* Begin PBXProject section */
		6A23F63D18499FB200FD4293 /* Project object */ = {
			isa = PBXProject;
			attributes = {
				LastUpgradeCheck = 0500;
				ORGANIZATIONNAME = slimek;
			};
			buildConfigurationList = 6A23F64018499FB200FD4293 /* Build configuration list for PBXProject "UnitTest++" */;
			compatibilityVersion = "Xcode 3.2";
			developmentRegion = English;
			hasScannedForEncodings = 0;
			knownRegions = (
				en,
			);
			mainGroup = 6A23F63C18499FB200FD4293;
			productRefGroup = 6A23F64618499FB200FD4293 /* Products */;
			projectDirPath = "";
			projectRoot = "";
			targets = (
				6A23F64418499FB200FD4293 /* UnitTest++ */,
			);
		};
/* End PBXProject section */

/* Begin PBXSourcesBuildPhase section */
		6A23F64118499FB200FD4293 /* Sources */ = {
			isa = PBXSourcesBuildPhase;
			buildActionMask = 2147483647;
			files = (
				6A23F67318499FE700FD4293 /* TestDetails.cpp in Sources */,
				6A23F67418499FE700FD4293 /* TestList.cpp in Sources */,
				6A23F66718499FE700FD4293 /* Checks.cpp in Sources */,
				6A23F66D18499FE700FD4293 /* MemoryOutStream.cpp in Sources */,
				6A23F66F18499FE700FD4293 /* TimeHelpers.cpp in Sources */,
				6A23F66918499FE700FD4293 /* DeferredTestReporter.cpp in Sources */,
				6A23F67718499FE700FD4293 /* TestResults.cpp in Sources */,
				6A23F66B18499FE700FD4293 /* DeferredTestResult.cpp in Sources */,
				6A23F66E18499FE700FD4293 /* SignalTranslator.cpp in Sources */,
				6A23F67918499FE700FD4293 /* TimeConstraint.cpp in Sources */,
				6A23F67818499FE700FD4293 /* TestRunner.cpp in Sources */,
				6A23F66818499FE700FD4293 /* CurrentTest.cpp in Sources */,
				6A23F67618499FE700FD4293 /* TestReporterStdout.cpp in Sources */,
				6A23F67518499FE700FD4293 /* TestReporter.cpp in Sources */,
				6A23F66618499FE700FD4293 /* AssertException.cpp in Sources */,
				6A23F67018499FE700FD4293 /* ReportAssert.cpp in Sources */,
				6A23F67218499FE700FD4293 /* Test.cpp in Sources */,
				6A23F67B18499FE700FD4293 /* XmlTestReporter.cpp in Sources */,
			);
			runOnlyForDeploymentPostprocessing = 0;
		};
/* End PBXSourcesBuildPhase section */

/* Begin XCBuildConfiguration section */
		6A23F64718499FB200FD4293 /* Debug */ = {
			isa = XCBuildConfiguration;
			buildSettings = {
				ALWAYS_SEARCH_USER_PATHS = NO;
				ARCHS = "$(ARCHS_STANDARD_32_BIT)";
				CLANG_CXX_LANGUAGE_STANDARD = "gnu++0x";
				CLANG_CXX_LIBRARY = "libc++";
				CLANG_ENABLE_OBJC_ARC = YES;
				CLANG_WARN_BOOL_CONVERSION = YES;
				CLANG_WARN_CONSTANT_CONVERSION = YES;
				CLANG_WARN_DIRECT_OBJC_ISA_USAGE = YES_ERROR;
				CLANG_WARN_EMPTY_BODY = YES;
				CLANG_WARN_ENUM_CONVERSION = YES;
				CLANG_WARN_INT_CONVERSION = YES;
				CLANG_WARN_OBJC_ROOT_CLASS = YES_ERROR;
				CLANG_WARN__DUPLICATE_METHOD_MATCH = YES;
				COPY_PHASE_STRIP = NO;
				GCC_C_LANGUAGE_STANDARD = gnu99;
				GCC_DYNAMIC_NO_PIC = NO;
				GCC_ENABLE_OBJC_EXCEPTIONS = YES;
				GCC_OPTIMIZATION_LEVEL = 0;
				GCC_PREPROCESSOR_DEFINITIONS = (
					"DEBUG=1",
					"$(inherited)",
				);
				GCC_SYMBOLS_PRIVATE_EXTERN = NO;
				GCC_WARN_64_TO_32_BIT_CONVERSION = YES;
				GCC_WARN_ABOUT_RETURN_TYPE = YES_ERROR;
				GCC_WARN_UNDECLARED_SELECTOR = YES;
				GCC_WARN_UNINITIALIZED_AUTOS = YES;
				GCC_WARN_UNUSED_FUNCTION = YES;
				GCC_WARN_UNUSED_VARIABLE = YES;
				HEADER_SEARCH_PATHS = (
					"../../include/UnitTest++/Posix",
					"../../include/UnitTest++",
					"$(inherited)",
					/Applications/Xcode.app/Contents/Developer/Toolchains/XcodeDefault.xctoolchain/usr/include,
				);
				MACOSX_DEPLOYMENT_TARGET = 10.8;
				OBJROOT = obj;
				ONLY_ACTIVE_ARCH = YES;
				SDKROOT = macosx;
				SYMROOT = "$(SRCROOT)/../../lib/Mac";
			};
			name = Debug;
		};
		6A23F64818499FB200FD4293 /* Release */ = {
			isa = XCBuildConfiguration;
			buildSettings = {
				ALWAYS_SEARCH_USER_PATHS = NO;
				ARCHS = "$(ARCHS_STANDARD_32_BIT)";
				CLANG_CXX_LANGUAGE_STANDARD = "gnu++0x";
				CLANG_CXX_LIBRARY = "libc++";
				CLANG_ENABLE_OBJC_ARC = YES;
				CLANG_WARN_BOOL_CONVERSION = YES;
				CLANG_WARN_CONSTANT_CONVERSION = YES;
				CLANG_WARN_DIRECT_OBJC_ISA_USAGE = YES_ERROR;
				CLANG_WARN_EMPTY_BODY = YES;
				CLANG_WARN_ENUM_CONVERSION = YES;
				CLANG_WARN_INT_CONVERSION = YES;
				CLANG_WARN_OBJC_ROOT_CLASS = YES_ERROR;
				CLANG_WARN__DUPLICATE_METHOD_MATCH = YES;
				COPY_PHASE_STRIP = YES;
				DEBUG_INFORMATION_FORMAT = "dwarf-with-dsym";
				ENABLE_NS_ASSERTIONS = NO;
				GCC_C_LANGUAGE_STANDARD = gnu99;
				GCC_ENABLE_OBJC_EXCEPTIONS = YES;
				GCC_WARN_64_TO_32_BIT_CONVERSION = YES;
				GCC_WARN_ABOUT_RETURN_TYPE = YES_ERROR;
				GCC_WARN_UNDECLARED_SELECTOR = YES;
				GCC_WARN_UNINITIALIZED_AUTOS = YES;
				GCC_WARN_UNUSED_FUNCTION = YES;
				GCC_WARN_UNUSED_VARIABLE = YES;
				HEADER_SEARCH_PATHS = (
					"../../include/UnitTest++/Posix",
					"../../include/UnitTest++",
					"$(inherited)",
					/Applications/Xcode.app/Contents/Developer/Toolchains/XcodeDefault.xctoolchain/usr/include,
				);
				MACOSX_DEPLOYMENT_TARGET = 10.8;
				OBJROOT = obj;
				SDKROOT = macosx;
				SYMROOT = "$(SRCROOT)/../../lib/Mac";
			};
			name = Release;
		};
		6A23F64A18499FB200FD4293 /* Debug */ = {
			isa = XCBuildConfiguration;
			buildSettings = {
				EXECUTABLE_PREFIX = lib;
				PRODUCT_NAME = "$(TARGET_NAME)";
			};
			name = Debug;
		};
		6A23F64B18499FB200FD4293 /* Release */ = {
			isa = XCBuildConfiguration;
			buildSettings = {
				EXECUTABLE_PREFIX = lib;
				PRODUCT_NAME = "$(TARGET_NAME)";
			};
			name = Release;
		};
/* End XCBuildConfiguration section */

/* Begin XCConfigurationList section */
		6A23F64018499FB200FD4293 /* Build configuration list for PBXProject "UnitTest++" */ = {
			isa = XCConfigurationList;
			buildConfigurations = (
				6A23F64718499FB200FD4293 /* Debug */,
				6A23F64818499FB200FD4293 /* Release */,
			);
			defaultConfigurationIsVisible = 0;
			defaultConfigurationName = Release;
		};
		6A23F64918499FB200FD4293 /* Build configuration list for PBXNativeTarget "UnitTest++" */ = {
			isa = XCConfigurationList;
			buildConfigurations = (
				6A23F64A18499FB200FD4293 /* Debug */,
				6A23F64B18499FB200FD4293 /* Release */,
			);
			defaultConfigurationIsVisible = 0;
			defaultConfigurationName = Release;
		};
/* End XCConfigurationList section */
	};
	rootObject = 6A23F63D18499FB200FD4293 /* Project object */;
}
