// !$*UTF8*$!
{
	archiveVersion = 1;
	classes = {
	};
	objectVersion = 46;
	objects = {

/* Begin PBXBuildFile section */
		6DCDFDDD18331E48007DC977 /* AFHTTPClient.m in Sources */ = {isa = PBXBuildFile; fileRef = 6DCDFDD418331E48007DC977 /* AFHTTPClient.m */; };
		6DCDFDDE18331E48007DC977 /* AFHTTPRequestOperation.m in Sources */ = {isa = PBXBuildFile; fileRef = 6DCDFDD518331E48007DC977 /* AFHTTPRequestOperation.m */; };
		6DCDFDDF18331E48007DC977 /* AFImageRequestOperation.m in Sources */ = {isa = PBXBuildFile; fileRef = 6DCDFDD618331E48007DC977 /* AFImageRequestOperation.m */; };
		6DCDFDE018331E48007DC977 /* AFJSONRequestOperation.m in Sources */ = {isa = PBXBuildFile; fileRef = 6DCDFDD718331E48007DC977 /* AFJSONRequestOperation.m */; };
		6DCDFDE118331E48007DC977 /* AFNetworkActivityIndicatorManager.m in Sources */ = {isa = PBXBuildFile; fileRef = 6DCDFDD818331E48007DC977 /* AFNetworkActivityIndicatorManager.m */; };
		6DCDFDE218331E48007DC977 /* AFPropertyListRequestOperation.m in Sources */ = {isa = PBXBuildFile; fileRef = 6DCDFDD918331E48007DC977 /* AFPropertyListRequestOperation.m */; };
		6DCDFDE318331E48007DC977 /* AFURLConnectionOperation.m in Sources */ = {isa = PBXBuildFile; fileRef = 6DCDFDDA18331E48007DC977 /* AFURLConnectionOperation.m */; };
		6DCDFDE418331E48007DC977 /* AFXMLRequestOperation.m in Sources */ = {isa = PBXBuildFile; fileRef = 6DCDFDDB18331E48007DC977 /* AFXMLRequestOperation.m */; };
		6DCDFDE518331E48007DC977 /* UIImageView+AFNetworking.m in Sources */ = {isa = PBXBuildFile; fileRef = 6DCDFDDC18331E48007DC977 /* UIImageView+AFNetworking.m */; };
/* End PBXBuildFile section */

/* Begin PBXCopyFilesBuildPhase section */
		6DCDFDA818331D92007DC977 /* CopyFiles */ = {
			isa = PBXCopyFilesBuildPhase;
			buildActionMask = 2147483647;
			dstPath = "include/$(PRODUCT_NAME)";
			dstSubfolderSpec = 16;
			files = (
			);
			runOnlyForDeploymentPostprocessing = 0;
		};
/* End PBXCopyFilesBuildPhase section */

/* Begin PBXFileReference section */
		6DCDFDAA18331D92007DC977 /* libAFNetworking.a */ = {isa = PBXFileReference; explicitFileType = archive.ar; includeInIndex = 0; path = libAFNetworking.a; sourceTree = BUILT_PRODUCTS_DIR; };
		6DCDFDD418331E48007DC977 /* AFHTTPClient.m */ = {isa = PBXFileReference; fileEncoding = 4; lastKnownFileType = sourcecode.c.objc; path = AFHTTPClient.m; sourceTree = "<group>"; };
		6DCDFDD518331E48007DC977 /* AFHTTPRequestOperation.m */ = {isa = PBXFileReference; fileEncoding = 4; lastKnownFileType = sourcecode.c.objc; path = AFHTTPRequestOperation.m; sourceTree = "<group>"; };
		6DCDFDD618331E48007DC977 /* AFImageRequestOperation.m */ = {isa = PBXFileReference; fileEncoding = 4; lastKnownFileType = sourcecode.c.objc; path = AFImageRequestOperation.m; sourceTree = "<group>"; };
		6DCDFDD718331E48007DC977 /* AFJSONRequestOperation.m */ = {isa = PBXFileReference; fileEncoding = 4; lastKnownFileType = sourcecode.c.objc; path = AFJSONRequestOperation.m; sourceTree = "<group>"; };
		6DCDFDD818331E48007DC977 /* AFNetworkActivityIndicatorManager.m */ = {isa = PBXFileReference; fileEncoding = 4; lastKnownFileType = sourcecode.c.objc; path = AFNetworkActivityIndicatorManager.m; sourceTree = "<group>"; };
		6DCDFDD918331E48007DC977 /* AFPropertyListRequestOperation.m */ = {isa = PBXFileReference; fileEncoding = 4; lastKnownFileType = sourcecode.c.objc; path = AFPropertyListRequestOperation.m; sourceTree = "<group>"; };
		6DCDFDDA18331E48007DC977 /* AFURLConnectionOperation.m */ = {isa = PBXFileReference; fileEncoding = 4; lastKnownFileType = sourcecode.c.objc; path = AFURLConnectionOperation.m; sourceTree = "<group>"; };
		6DCDFDDB18331E48007DC977 /* AFXMLRequestOperation.m */ = {isa = PBXFileReference; fileEncoding = 4; lastKnownFileType = sourcecode.c.objc; path = AFXMLRequestOperation.m; sourceTree = "<group>"; };
		6DCDFDDC18331E48007DC977 /* UIImageView+AFNetworking.m */ = {isa = PBXFileReference; fileEncoding = 4; lastKnownFileType = sourcecode.c.objc; path = "UIImageView+AFNetworking.m"; sourceTree = "<group>"; };
/* End PBXFileReference section */

/* Begin PBXFrameworksBuildPhase section */
		6DCDFDA718331D92007DC977 /* Frameworks */ = {
			isa = PBXFrameworksBuildPhase;
			buildActionMask = 2147483647;
			files = (
			);
			runOnlyForDeploymentPostprocessing = 0;
		};
/* End PBXFrameworksBuildPhase section */

/* Begin PBXGroup section */
		6DCDFDA118331D92007DC977 = {
			isa = PBXGroup;
			children = (
				6DCDFDD318331E48007DC977 /* src */,
				6DCDFDAB18331D92007DC977 /* Products */,
			);
			sourceTree = "<group>";
		};
		6DCDFDAB18331D92007DC977 /* Products */ = {
			isa = PBXGroup;
			children = (
				6DCDFDAA18331D92007DC977 /* libAFNetworking.a */,
			);
			name = Products;
			sourceTree = "<group>";
		};
		6DCDFDD318331E48007DC977 /* src */ = {
			isa = PBXGroup;
			children = (
				6DCDFDD418331E48007DC977 /* AFHTTPClient.m */,
				6DCDFDD518331E48007DC977 /* AFHTTPRequestOperation.m */,
				6DCDFDD618331E48007DC977 /* AFImageRequestOperation.m */,
				6DCDFDD718331E48007DC977 /* AFJSONRequestOperation.m */,
				6DCDFDD818331E48007DC977 /* AFNetworkActivityIndicatorManager.m */,
				6DCDFDD918331E48007DC977 /* AFPropertyListRequestOperation.m */,
				6DCDFDDA18331E48007DC977 /* AFURLConnectionOperation.m */,
				6DCDFDDB18331E48007DC977 /* AFXMLRequestOperation.m */,
				6DCDFDDC18331E48007DC977 /* UIImageView+AFNetworking.m */,
			);
			path = src;
			sourceTree = "<group>";
		};
/* End PBXGroup section */

/* Begin PBXNativeTarget section */
		6DCDFDA918331D92007DC977 /* AFNetworking */ = {
			isa = PBXNativeTarget;
			buildConfigurationList = 6DCDFDCD18331D92007DC977 /* Build configuration list for PBXNativeTarget "AFNetworking" */;
			buildPhases = (
				6DCDFDA618331D92007DC977 /* Sources */,
				6DCDFDA718331D92007DC977 /* Frameworks */,
				6DCDFDA818331D92007DC977 /* CopyFiles */,
			);
			buildRules = (
			);
			dependencies = (
			);
			name = AFNetworking;
			productName = AFNetworking;
			productReference = 6DCDFDAA18331D92007DC977 /* libAFNetworking.a */;
			productType = "com.apple.product-type.library.static";
		};
/* End PBXNativeTarget section */

/* Begin PBXProject section */
		6DCDFDA218331D92007DC977 /* Project object */ = {
			isa = PBXProject;
			attributes = {
				LastUpgradeCheck = 0510;
				ORGANIZATIONNAME = Sixion;
			};
			buildConfigurationList = 6DCDFDA518331D92007DC977 /* Build configuration list for PBXProject "AFNetworking" */;
			compatibilityVersion = "Xcode 3.2";
			developmentRegion = English;
			hasScannedForEncodings = 0;
			knownRegions = (
				en,
			);
			mainGroup = 6DCDFDA118331D92007DC977;
			productRefGroup = 6DCDFDAB18331D92007DC977 /* Products */;
			projectDirPath = "";
			projectRoot = "";
			targets = (
				6DCDFDA918331D92007DC977 /* AFNetworking */,
			);
		};
/* End PBXProject section */

/* Begin PBXSourcesBuildPhase section */
		6DCDFDA618331D92007DC977 /* Sources */ = {
			isa = PBXSourcesBuildPhase;
			buildActionMask = 2147483647;
			files = (
				6DCDFDE318331E48007DC977 /* AFURLConnectionOperation.m in Sources */,
				6DCDFDDF18331E48007DC977 /* AFImageRequestOperation.m in Sources */,
				6DCDFDDE18331E48007DC977 /* AFHTTPRequestOperation.m in Sources */,
				6DCDFDE218331E48007DC977 /* AFPropertyListRequestOperation.m in Sources */,
				6DCDFDE418331E48007DC977 /* AFXMLRequestOperation.m in Sources */,
				6DCDFDE018331E48007DC977 /* AFJSONRequestOperation.m in Sources */,
				6DCDFDDD18331E48007DC977 /* AFHTTPClient.m in Sources */,
				6DCDFDE518331E48007DC977 /* UIImageView+AFNetworking.m in Sources */,
				6DCDFDE118331E48007DC977 /* AFNetworkActivityIndicatorManager.m in Sources */,
			);
			runOnlyForDeploymentPostprocessing = 0;
		};
/* End PBXSourcesBuildPhase section */

/* Begin XCBuildConfiguration section */
		6DCDFDCB18331D92007DC977 /* Debug */ = {
			isa = XCBuildConfiguration;
			buildSettings = {
				ALWAYS_SEARCH_USER_PATHS = NO;
				CLANG_CXX_LANGUAGE_STANDARD = "c++0x";
				CLANG_CXX_LIBRARY = "libc++";
				CLANG_ENABLE_MODULES = YES;
				CLANG_ENABLE_OBJC_ARC = YES;
				CLANG_WARN_BOOL_CONVERSION = YES;
				CLANG_WARN_CONSTANT_CONVERSION = YES;
				CLANG_WARN_DIRECT_OBJC_ISA_USAGE = YES_ERROR;
				CLANG_WARN_EMPTY_BODY = YES;
				CLANG_WARN_ENUM_CONVERSION = YES;
				CLANG_WARN_INT_CONVERSION = YES;
				CLANG_WARN_OBJC_ROOT_CLASS = YES_ERROR;
				CLANG_WARN__DUPLICATE_METHOD_MATCH = YES;
				CONFIGURATION_BUILD_DIR = "../lib/ios$(EFFECTIVE_PLATFORM_NAME)";
				COPY_PHASE_STRIP = NO;
				GCC_C_LANGUAGE_STANDARD = gnu99;
				GCC_DYNAMIC_NO_PIC = NO;
				GCC_OPTIMIZATION_LEVEL = 0;
				GCC_PREPROCESSOR_DEFINITIONS = (
					"DEBUG=1",
					"$(inherited)",
				);
				GCC_SYMBOLS_PRIVATE_EXTERN = YES;
				GCC_WARN_64_TO_32_BIT_CONVERSION = YES;
				GCC_WARN_ABOUT_RETURN_TYPE = YES_ERROR;
				GCC_WARN_UNDECLARED_SELECTOR = YES;
				GCC_WARN_UNINITIALIZED_AUTOS = YES;
				GCC_WARN_UNUSED_FUNCTION = YES;
				GCC_WARN_UNUSED_VARIABLE = YES;
				HEADER_SEARCH_PATHS = (
					"$(inherited)",
					/Applications/Xcode.app/Contents/Developer/Toolchains/XcodeDefault.xctoolchain/usr/include,
					../include/AFNetworking,
				);
				IPHONEOS_DEPLOYMENT_TARGET = 6.1;
				SDKROOT = iphoneos;
				TARGETED_DEVICE_FAMILY = "1,2";
			};
			name = Debug;
		};
		6DCDFDCC18331D92007DC977 /* Release */ = {
			isa = XCBuildConfiguration;
			buildSettings = {
				ALWAYS_SEARCH_USER_PATHS = NO;
				CLANG_CXX_LANGUAGE_STANDARD = "c++0x";
				CLANG_CXX_LIBRARY = "libc++";
				CLANG_ENABLE_MODULES = YES;
				CLANG_ENABLE_OBJC_ARC = YES;
				CLANG_WARN_BOOL_CONVERSION = YES;
				CLANG_WARN_CONSTANT_CONVERSION = YES;
				CLANG_WARN_DIRECT_OBJC_ISA_USAGE = YES_ERROR;
				CLANG_WARN_EMPTY_BODY = YES;
				CLANG_WARN_ENUM_CONVERSION = YES;
				CLANG_WARN_INT_CONVERSION = YES;
				CLANG_WARN_OBJC_ROOT_CLASS = YES_ERROR;
				CLANG_WARN__DUPLICATE_METHOD_MATCH = YES;
				CONFIGURATION_BUILD_DIR = "../lib/ios$(EFFECTIVE_PLATFORM_NAME)";
				COPY_PHASE_STRIP = YES;
				ENABLE_NS_ASSERTIONS = NO;
				GCC_C_LANGUAGE_STANDARD = gnu99;
				GCC_PREPROCESSOR_DEFINITIONS = NDEBUG;
				GCC_SYMBOLS_PRIVATE_EXTERN = YES;
				GCC_WARN_64_TO_32_BIT_CONVERSION = YES;
				GCC_WARN_ABOUT_RETURN_TYPE = YES_ERROR;
				GCC_WARN_UNDECLARED_SELECTOR = YES;
				GCC_WARN_UNINITIALIZED_AUTOS = YES;
				GCC_WARN_UNUSED_FUNCTION = YES;
				GCC_WARN_UNUSED_VARIABLE = YES;
				HEADER_SEARCH_PATHS = (
					"$(inherited)",
					/Applications/Xcode.app/Contents/Developer/Toolchains/XcodeDefault.xctoolchain/usr/include,
					../include/AFNetworking,
				);
				IPHONEOS_DEPLOYMENT_TARGET = 6.1;
				SDKROOT = iphoneos;
				TARGETED_DEVICE_FAMILY = "1,2";
				VALIDATE_PRODUCT = YES;
			};
			name = Release;
		};
		6DCDFDCE18331D92007DC977 /* Debug */ = {
			isa = XCBuildConfiguration;
			buildSettings = {
				ARCHS = "$(ARCHS_STANDARD_32_BIT)";
				DSTROOT = /tmp/AFNetworking.dst;
				GCC_PRECOMPILE_PREFIX_HEADER = YES;
				GCC_PREFIX_HEADER = "";
				OTHER_LDFLAGS = "-ObjC";
				PRODUCT_NAME = "$(TARGET_NAME)";
				SKIP_INSTALL = YES;
			};
			name = Debug;
		};
		6DCDFDCF18331D92007DC977 /* Release */ = {
			isa = XCBuildConfiguration;
			buildSettings = {
				ARCHS = "$(ARCHS_STANDARD_32_BIT)";
				DSTROOT = /tmp/AFNetworking.dst;
				GCC_PRECOMPILE_PREFIX_HEADER = YES;
				GCC_PREFIX_HEADER = "";
				OTHER_LDFLAGS = "-ObjC";
				PRODUCT_NAME = "$(TARGET_NAME)";
				SKIP_INSTALL = YES;
			};
			name = Release;
		};
/* End XCBuildConfiguration section */

/* Begin XCConfigurationList section */
		6DCDFDA518331D92007DC977 /* Build configuration list for PBXProject "AFNetworking" */ = {
			isa = XCConfigurationList;
			buildConfigurations = (
				6DCDFDCB18331D92007DC977 /* Debug */,
				6DCDFDCC18331D92007DC977 /* Release */,
			);
			defaultConfigurationIsVisible = 0;
			defaultConfigurationName = Release;
		};
		6DCDFDCD18331D92007DC977 /* Build configuration list for PBXNativeTarget "AFNetworking" */ = {
			isa = XCConfigurationList;
			buildConfigurations = (
				6DCDFDCE18331D92007DC977 /* Debug */,
				6DCDFDCF18331D92007DC977 /* Release */,
			);
			defaultConfigurationIsVisible = 0;
			defaultConfigurationName = Release;
		};
/* End XCConfigurationList section */
	};
	rootObject = 6DCDFDA218331D92007DC977 /* Project object */;
}
