// !$*UTF8*$!
{
	archiveVersion = 1;
	classes = {
	};
	objectVersion = 46;
	objects = {

/* Begin PBXBuildFile section */
		6AAF39551849D64D0010FAF1 /* date_generators.cpp in Sources */ = {isa = PBXBuildFile; fileRef = 6AAF394E1849D64D0010FAF1 /* date_generators.cpp */; };
		6AAF39561849D64D0010FAF1 /* greg_month.cpp in Sources */ = {isa = PBXBuildFile; fileRef = 6AAF394F1849D64D0010FAF1 /* greg_month.cpp */; };
		6AAF39571849D64D0010FAF1 /* greg_names.hpp in Headers */ = {isa = PBXBuildFile; fileRef = 6AAF39501849D64D0010FAF1 /* greg_names.hpp */; };
		6AAF39581849D64D0010FAF1 /* greg_weekday.cpp in Sources */ = {isa = PBXBuildFile; fileRef = 6AAF39511849D64D0010FAF1 /* greg_weekday.cpp */; };
		6AAF39591849D64D0010FAF1 /* gregorian_types.cpp in Sources */ = {isa = PBXBuildFile; fileRef = 6AAF39521849D64D0010FAF1 /* gregorian_types.cpp */; };
		6AAF395A1849D64D0010FAF1 /* posix_time_types.cpp in Sources */ = {isa = PBXBuildFile; fileRef = 6AAF39541849D64D0010FAF1 /* posix_time_types.cpp */; };
/* End PBXBuildFile section */

/* Begin PBXFileReference section */
		6AAF39451849D5EF0010FAF1 /* libBoost.DateTime.a */ = {isa = PBXFileReference; explicitFileType = archive.ar; includeInIndex = 0; path = libBoost.DateTime.a; sourceTree = BUILT_PRODUCTS_DIR; };
		6AAF394E1849D64D0010FAF1 /* date_generators.cpp */ = {isa = PBXFileReference; fileEncoding = 4; lastKnownFileType = sourcecode.cpp.cpp; path = date_generators.cpp; sourceTree = "<group>"; };
		6AAF394F1849D64D0010FAF1 /* greg_month.cpp */ = {isa = PBXFileReference; fileEncoding = 4; lastKnownFileType = sourcecode.cpp.cpp; path = greg_month.cpp; sourceTree = "<group>"; };
		6AAF39501849D64D0010FAF1 /* greg_names.hpp */ = {isa = PBXFileReference; fileEncoding = 4; lastKnownFileType = sourcecode.cpp.h; path = greg_names.hpp; sourceTree = "<group>"; };
		6AAF39511849D64D0010FAF1 /* greg_weekday.cpp */ = {isa = PBXFileReference; fileEncoding = 4; lastKnownFileType = sourcecode.cpp.cpp; path = greg_weekday.cpp; sourceTree = "<group>"; };
		6AAF39521849D64D0010FAF1 /* gregorian_types.cpp */ = {isa = PBXFileReference; fileEncoding = 4; lastKnownFileType = sourcecode.cpp.cpp; path = gregorian_types.cpp; sourceTree = "<group>"; };
		6AAF39541849D64D0010FAF1 /* posix_time_types.cpp */ = {isa = PBXFileReference; fileEncoding = 4; lastKnownFileType = sourcecode.cpp.cpp; path = posix_time_types.cpp; sourceTree = "<group>"; };
/* End PBXFileReference section */

/* Begin PBXFrameworksBuildPhase section */
		6AAF39421849D5EF0010FAF1 /* Frameworks */ = {
			isa = PBXFrameworksBuildPhase;
			buildActionMask = 2147483647;
			files = (
			);
			runOnlyForDeploymentPostprocessing = 0;
		};
/* End PBXFrameworksBuildPhase section */

/* Begin PBXGroup section */
		6AAF393C1849D5EF0010FAF1 = {
			isa = PBXGroup;
			children = (
				6AAF394C1849D64D0010FAF1 /* src */,
				6AAF39461849D5EF0010FAF1 /* Products */,
			);
			sourceTree = "<group>";
		};
		6AAF39461849D5EF0010FAF1 /* Products */ = {
			isa = PBXGroup;
			children = (
				6AAF39451849D5EF0010FAF1 /* libBoost.DateTime.a */,
			);
			name = Products;
			sourceTree = "<group>";
		};
		6AAF394C1849D64D0010FAF1 /* src */ = {
			isa = PBXGroup;
			children = (
				6AAF394D1849D64D0010FAF1 /* gregorian */,
				6AAF39531849D64D0010FAF1 /* posix_time */,
			);
			name = src;
			path = ../src;
			sourceTree = "<group>";
		};
		6AAF394D1849D64D0010FAF1 /* gregorian */ = {
			isa = PBXGroup;
			children = (
				6AAF394E1849D64D0010FAF1 /* date_generators.cpp */,
				6AAF394F1849D64D0010FAF1 /* greg_month.cpp */,
				6AAF39501849D64D0010FAF1 /* greg_names.hpp */,
				6AAF39511849D64D0010FAF1 /* greg_weekday.cpp */,
				6AAF39521849D64D0010FAF1 /* gregorian_types.cpp */,
			);
			path = gregorian;
			sourceTree = "<group>";
		};
		6AAF39531849D64D0010FAF1 /* posix_time */ = {
			isa = PBXGroup;
			children = (
				6AAF39541849D64D0010FAF1 /* posix_time_types.cpp */,
			);
			path = posix_time;
			sourceTree = "<group>";
		};
/* End PBXGroup section */

/* Begin PBXHeadersBuildPhase section */
		6AAF39431849D5EF0010FAF1 /* Headers */ = {
			isa = PBXHeadersBuildPhase;
			buildActionMask = 2147483647;
			files = (
				6AAF39571849D64D0010FAF1 /* greg_names.hpp in Headers */,
			);
			runOnlyForDeploymentPostprocessing = 0;
		};
/* End PBXHeadersBuildPhase section */

/* Begin PBXNativeTarget section */
		6AAF39441849D5EF0010FAF1 /* Boost.DateTime */ = {
			isa = PBXNativeTarget;
			buildConfigurationList = 6AAF39491849D5EF0010FAF1 /* Build configuration list for PBXNativeTarget "Boost.DateTime" */;
			buildPhases = (
				6AAF39411849D5EF0010FAF1 /* Sources */,
				6AAF39421849D5EF0010FAF1 /* Frameworks */,
				6AAF39431849D5EF0010FAF1 /* Headers */,
			);
			buildRules = (
			);
			dependencies = (
			);
			name = Boost.DateTime;
			productName = Boost.DateTime;
			productReference = 6AAF39451849D5EF0010FAF1 /* libBoost.DateTime.a */;
			productType = "com.apple.product-type.library.static";
		};
/* End PBXNativeTarget section */

/* Begin PBXProject section */
		6AAF393D1849D5EF0010FAF1 /* Project object */ = {
			isa = PBXProject;
			attributes = {
				LastUpgradeCheck = 0610;
				ORGANIZATIONNAME = slimek;
			};
			buildConfigurationList = 6AAF39401849D5EF0010FAF1 /* Build configuration list for PBXProject "Boost.DateTime" */;
			compatibilityVersion = "Xcode 3.2";
			developmentRegion = English;
			hasScannedForEncodings = 0;
			knownRegions = (
				en,
			);
			mainGroup = 6AAF393C1849D5EF0010FAF1;
			productRefGroup = 6AAF39461849D5EF0010FAF1 /* Products */;
			projectDirPath = "";
			projectRoot = "";
			targets = (
				6AAF39441849D5EF0010FAF1 /* Boost.DateTime */,
			);
		};
/* End PBXProject section */

/* Begin PBXSourcesBuildPhase section */
		6AAF39411849D5EF0010FAF1 /* Sources */ = {
			isa = PBXSourcesBuildPhase;
			buildActionMask = 2147483647;
			files = (
				6AAF39551849D64D0010FAF1 /* date_generators.cpp in Sources */,
				6AAF395A1849D64D0010FAF1 /* posix_time_types.cpp in Sources */,
				6AAF39561849D64D0010FAF1 /* greg_month.cpp in Sources */,
				6AAF39591849D64D0010FAF1 /* gregorian_types.cpp in Sources */,
				6AAF39581849D64D0010FAF1 /* greg_weekday.cpp in Sources */,
			);
			runOnlyForDeploymentPostprocessing = 0;
		};
/* End PBXSourcesBuildPhase section */

/* Begin XCBuildConfiguration section */
		6AAF39471849D5EF0010FAF1 /* Debug */ = {
			isa = XCBuildConfiguration;
			buildSettings = {
				ALWAYS_SEARCH_USER_PATHS = NO;
				CLANG_CXX_LANGUAGE_STANDARD = "gnu++0x";
				CLANG_CXX_LIBRARY = "libc++";
				CLANG_ENABLE_OBJC_ARC = YES;
				CLANG_WARN_BOOL_CONVERSION = YES;
				CLANG_WARN_CONSTANT_CONVERSION = YES;
				CLANG_WARN_DIRECT_OBJC_ISA_USAGE = YES_ERROR;
				CLANG_WARN_EMPTY_BODY = YES;
				CLANG_WARN_ENUM_CONVERSION = YES;
				CLANG_WARN_INT_CONVERSION = YES;
				CLANG_WARN_OBJC_ROOT_CLASS = YES_ERROR;
				CLANG_WARN__DUPLICATE_METHOD_MATCH = YES;
				COPY_PHASE_STRIP = NO;
				GCC_C_LANGUAGE_STANDARD = gnu99;
				GCC_DYNAMIC_NO_PIC = NO;
				GCC_ENABLE_OBJC_EXCEPTIONS = YES;
				GCC_OPTIMIZATION_LEVEL = 0;
				GCC_PREPROCESSOR_DEFINITIONS = (
					"DEBUG=1",
					"$(inherited)",
				);
				GCC_SYMBOLS_PRIVATE_EXTERN = NO;
				GCC_WARN_64_TO_32_BIT_CONVERSION = YES;
				GCC_WARN_ABOUT_RETURN_TYPE = YES_ERROR;
				GCC_WARN_UNDECLARED_SELECTOR = YES;
				GCC_WARN_UNINITIALIZED_AUTOS = YES;
				GCC_WARN_UNUSED_FUNCTION = YES;
				GCC_WARN_UNUSED_VARIABLE = YES;
				MACOSX_DEPLOYMENT_TARGET = 10.8;
				SDKROOT = macosx;
			};
			name = Debug;
		};
		6AAF39481849D5EF0010FAF1 /* Release */ = {
			isa = XCBuildConfiguration;
			buildSettings = {
				ALWAYS_SEARCH_USER_PATHS = NO;
				CLANG_CXX_LANGUAGE_STANDARD = "gnu++0x";
				CLANG_CXX_LIBRARY = "libc++";
				CLANG_ENABLE_OBJC_ARC = YES;
				CLANG_WARN_BOOL_CONVERSION = YES;
				CLANG_WARN_CONSTANT_CONVERSION = YES;
				CLANG_WARN_DIRECT_OBJC_ISA_USAGE = YES_ERROR;
				CLANG_WARN_EMPTY_BODY = YES;
				CLANG_WARN_ENUM_CONVERSION = YES;
				CLANG_WARN_INT_CONVERSION = YES;
				CLANG_WARN_OBJC_ROOT_CLASS = YES_ERROR;
				CLANG_WARN__DUPLICATE_METHOD_MATCH = YES;
				COPY_PHASE_STRIP = YES;
				DEBUG_INFORMATION_FORMAT = "dwarf-with-dsym";
				ENABLE_NS_ASSERTIONS = NO;
				GCC_C_LANGUAGE_STANDARD = gnu99;
				GCC_ENABLE_OBJC_EXCEPTIONS = YES;
				GCC_WARN_64_TO_32_BIT_CONVERSION = YES;
				GCC_WARN_ABOUT_RETURN_TYPE = YES_ERROR;
				GCC_WARN_UNDECLARED_SELECTOR = YES;
				GCC_WARN_UNINITIALIZED_AUTOS = YES;
				GCC_WARN_UNUSED_FUNCTION = YES;
				GCC_WARN_UNUSED_VARIABLE = YES;
				MACOSX_DEPLOYMENT_TARGET = 10.8;
				SDKROOT = macosx;
			};
			name = Release;
		};
		6AAF394A1849D5EF0010FAF1 /* Debug */ = {
			isa = XCBuildConfiguration;
			buildSettings = {
				COMBINE_HIDPI_IMAGES = YES;
				EXECUTABLE_PREFIX = lib;
				HEADER_SEARCH_PATHS = (
					../../include,
					"$(inherited)",
					/Applications/Xcode.app/Contents/Developer/Toolchains/XcodeDefault.xctoolchain/usr/include,
				);
				OBJROOT = obj;
				PRODUCT_NAME = "$(TARGET_NAME)";
				SYMROOT = "$(SRCROOT)/../../lib/Mac";
			};
			name = Debug;
		};
		6AAF394B1849D5EF0010FAF1 /* Release */ = {
			isa = XCBuildConfiguration;
			buildSettings = {
				COMBINE_HIDPI_IMAGES = YES;
				EXECUTABLE_PREFIX = lib;
				HEADER_SEARCH_PATHS = (
					../../include,
					"$(inherited)",
					/Applications/Xcode.app/Contents/Developer/Toolchains/XcodeDefault.xctoolchain/usr/include,
				);
				OBJROOT = obj;
				PRODUCT_NAME = "$(TARGET_NAME)";
				SYMROOT = "$(SRCROOT)/../../lib/Mac";
			};
			name = Release;
		};
/* End XCBuildConfiguration section */

/* Begin XCConfigurationList section */
		6AAF39401849D5EF0010FAF1 /* Build configuration list for PBXProject "Boost.DateTime" */ = {
			isa = XCConfigurationList;
			buildConfigurations = (
				6AAF39471849D5EF0010FAF1 /* Debug */,
				6AAF39481849D5EF0010FAF1 /* Release */,
			);
			defaultConfigurationIsVisible = 0;
			defaultConfigurationName = Release;
		};
		6AAF39491849D5EF0010FAF1 /* Build configuration list for PBXNativeTarget "Boost.DateTime" */ = {
			isa = XCConfigurationList;
			buildConfigurations = (
				6AAF394A1849D5EF0010FAF1 /* Debug */,
				6AAF394B1849D5EF0010FAF1 /* Release */,
			);
			defaultConfigurationIsVisible = 0;
			defaultConfigurationName = Release;
		};
/* End XCConfigurationList section */
	};
	rootObject = 6AAF393D1849D5EF0010FAF1 /* Project object */;
}
