<?xml version="1.0" encoding="utf-8"?>
<Project ToolsVersion="4.0" xmlns="http://schemas.microsoft.com/developer/msbuild/2003">
  <ItemGroup>
    <Filter Include="Public Headers">
      <UniqueIdentifier>{4FC737F1-C7A5-4376-A066-2A32D752A2FF}</UniqueIdentifier>
      <Extensions>cpp;c;cc;cxx;def;odl;idl;hpj;bat;asm;asmx</Extensions>
    </Filter>
    <Filter Include="Source">
      <UniqueIdentifier>{93995380-89BD-4b04-88EB-625FBE52EBFB}</UniqueIdentifier>
      <Extensions>h;hpp;hxx;hm;inl;inc;xsd</Extensions>
    </Filter>
  </ItemGroup>
  <ItemGroup>
    <ClInclude Include="..\..\include\libjpeg\jconfig.h">
      <Filter>Public Headers</Filter>
    </ClInclude>
    <ClInclude Include="..\..\include\libjpeg\jdct.h">
      <Filter>Public Headers</Filter>
    </ClInclude>
    <ClInclude Include="..\..\include\libjpeg\jerror.h">
      <Filter>Public Headers</Filter>
    </ClInclude>
    <ClInclude Include="..\..\include\libjpeg\jinclude.h">
      <Filter>Public Headers</Filter>
    </ClInclude>
    <ClInclude Include="..\..\include\libjpeg\jmemsys.h">
      <Filter>Public Headers</Filter>
    </ClInclude>
    <ClInclude Include="..\..\include\libjpeg\jmorecfg.h">
      <Filter>Public Headers</Filter>
    </ClInclude>
    <ClInclude Include="..\..\include\libjpeg\jpegint.h">
      <Filter>Public Headers</Filter>
    </ClInclude>
    <ClInclude Include="..\..\include\libjpeg\jpeglib.h">
      <Filter>Public Headers</Filter>
    </ClInclude>
    <ClInclude Include="..\..\include\libjpeg\jversion.h">
      <Filter>Public Headers</Filter>
    </ClInclude>
  </ItemGroup>
  <ItemGroup>
    <ClCompile Include="..\src\jaricom.c">
      <Filter>Source</Filter>
    </ClCompile>
    <ClCompile Include="..\src\jcapimin.c">
      <Filter>Source</Filter>
    </ClCompile>
    <ClCompile Include="..\src\jcapistd.c">
      <Filter>Source</Filter>
    </ClCompile>
    <ClCompile Include="..\src\jcarith.c">
      <Filter>Source</Filter>
    </ClCompile>
    <ClCompile Include="..\src\jccoefct.c">
      <Filter>Source</Filter>
    </ClCompile>
    <ClCompile Include="..\src\jccolor.c">
      <Filter>Source</Filter>
    </ClCompile>
    <ClCompile Include="..\src\jcdctmgr.c">
      <Filter>Source</Filter>
    </ClCompile>
    <ClCompile Include="..\src\jchuff.c">
      <Filter>Source</Filter>
    </ClCompile>
    <ClCompile Include="..\src\jcinit.c">
      <Filter>Source</Filter>
    </ClCompile>
    <ClCompile Include="..\src\jcmainct.c">
      <Filter>Source</Filter>
    </ClCompile>
    <ClCompile Include="..\src\jcmarker.c">
      <Filter>Source</Filter>
    </ClCompile>
    <ClCompile Include="..\src\jcmaster.c">
      <Filter>Source</Filter>
    </ClCompile>
    <ClCompile Include="..\src\jcomapi.c">
      <Filter>Source</Filter>
    </ClCompile>
    <ClCompile Include="..\src\jcparam.c">
      <Filter>Source</Filter>
    </ClCompile>
    <ClCompile Include="..\src\jcprepct.c">
      <Filter>Source</Filter>
    </ClCompile>
    <ClCompile Include="..\src\jcsample.c">
      <Filter>Source</Filter>
    </ClCompile>
    <ClCompile Include="..\src\jctrans.c">
      <Filter>Source</Filter>
    </ClCompile>
    <ClCompile Include="..\src\jdapimin.c">
      <Filter>Source</Filter>
    </ClCompile>
    <ClCompile Include="..\src\jdapistd.c">
      <Filter>Source</Filter>
    </ClCompile>
    <ClCompile Include="..\src\jdarith.c">
      <Filter>Source</Filter>
    </ClCompile>
    <ClCompile Include="..\src\jdatadst.c">
      <Filter>Source</Filter>
    </ClCompile>
    <ClCompile Include="..\src\jdatasrc.c">
      <Filter>Source</Filter>
    </ClCompile>
    <ClCompile Include="..\src\jdcoefct.c">
      <Filter>Source</Filter>
    </ClCompile>
    <ClCompile Include="..\src\jdcolor.c">
      <Filter>Source</Filter>
    </ClCompile>
    <ClCompile Include="..\src\jddctmgr.c">
      <Filter>Source</Filter>
    </ClCompile>
    <ClCompile Include="..\src\jdhuff.c">
      <Filter>Source</Filter>
    </ClCompile>
    <ClCompile Include="..\src\jdinput.c">
      <Filter>Source</Filter>
    </ClCompile>
    <ClCompile Include="..\src\jdmainct.c">
      <Filter>Source</Filter>
    </ClCompile>
    <ClCompile Include="..\src\jdmarker.c">
      <Filter>Source</Filter>
    </ClCompile>
    <ClCompile Include="..\src\jdmaster.c">
      <Filter>Source</Filter>
    </ClCompile>
    <ClCompile Include="..\src\jdmerge.c">
      <Filter>Source</Filter>
    </ClCompile>
    <ClCompile Include="..\src\jdpostct.c">
      <Filter>Source</Filter>
    </ClCompile>
    <ClCompile Include="..\src\jdsample.c">
      <Filter>Source</Filter>
    </ClCompile>
    <ClCompile Include="..\src\jdtrans.c">
      <Filter>Source</Filter>
    </ClCompile>
    <ClCompile Include="..\src\jerror.c">
      <Filter>Source</Filter>
    </ClCompile>
    <ClCompile Include="..\src\jfdctflt.c">
      <Filter>Source</Filter>
    </ClCompile>
    <ClCompile Include="..\src\jfdctfst.c">
      <Filter>Source</Filter>
    </ClCompile>
    <ClCompile Include="..\src\jfdctint.c">
      <Filter>Source</Filter>
    </ClCompile>
    <ClCompile Include="..\src\jidctflt.c">
      <Filter>Source</Filter>
    </ClCompile>
    <ClCompile Include="..\src\jidctfst.c">
      <Filter>Source</Filter>
    </ClCompile>
    <ClCompile Include="..\src\jidctint.c">
      <Filter>Source</Filter>
    </ClCompile>
    <ClCompile Include="..\src\jmemansi.c">
      <Filter>Source</Filter>
    </ClCompile>
    <ClCompile Include="..\src\jmemmgr.c">
      <Filter>Source</Filter>
    </ClCompile>
    <ClCompile Include="..\src\jquant1.c">
      <Filter>Source</Filter>
    </ClCompile>
    <ClCompile Include="..\src\jquant2.c">
      <Filter>Source</Filter>
    </ClCompile>
    <ClCompile Include="..\src\jutils.c">
      <Filter>Source</Filter>
    </ClCompile>
  </ItemGroup>
</Project>