<?xml version="1.0" encoding="utf-8"?>
<Project ToolsVersion="4.0" xmlns="http://schemas.microsoft.com/developer/msbuild/2003">
  <ItemGroup>
    <Filter Include="Sources">
      <UniqueIdentifier>{4FC737F1-C7A5-4376-A066-2A32D752A2FF}</UniqueIdentifier>
      <Extensions>cpp;c;cc;cxx;def;odl;idl;hpj;bat;asm;asmx</Extensions>
    </Filter>
    <Filter Include="Public Headers">
      <UniqueIdentifier>{70804857-a45c-4ff2-9600-0cae95c77a4c}</UniqueIdentifier>
    </Filter>
  </ItemGroup>
  <ItemGroup>
    <ClInclude Include="json_batchallocator.h">
      <Filter>Sources</Filter>
    </ClInclude>
    <ClInclude Include="..\include\JsonCpp\autolink.h">
      <Filter>Public Headers</Filter>
    </ClInclude>
    <ClInclude Include="..\include\JsonCpp\config.h">
      <Filter>Public Headers</Filter>
    </ClInclude>
    <ClInclude Include="..\include\JsonCpp\features.h">
      <Filter>Public Headers</Filter>
    </ClInclude>
    <ClInclude Include="..\include\JsonCpp\forwards.h">
      <Filter>Public Headers</Filter>
    </ClInclude>
    <ClInclude Include="..\include\JsonCpp\json.h">
      <Filter>Public Headers</Filter>
    </ClInclude>
    <ClInclude Include="..\include\JsonCpp\reader.h">
      <Filter>Public Headers</Filter>
    </ClInclude>
    <ClInclude Include="..\include\JsonCpp\value.h">
      <Filter>Public Headers</Filter>
    </ClInclude>
    <ClInclude Include="..\include\JsonCpp\writer.h">
      <Filter>Public Headers</Filter>
    </ClInclude>
  </ItemGroup>
  <ItemGroup>
    <None Include="json_internalarray.inl">
      <Filter>Sources</Filter>
    </None>
    <None Include="json_internalmap.inl">
      <Filter>Sources</Filter>
    </None>
    <None Include="json_valueiterator.inl">
      <Filter>Sources</Filter>
    </None>
  </ItemGroup>
  <ItemGroup>
    <ClCompile Include="json_reader.cpp">
      <Filter>Sources</Filter>
    </ClCompile>
    <ClCompile Include="json_value.cpp">
      <Filter>Sources</Filter>
    </ClCompile>
    <ClCompile Include="json_writer.cpp">
      <Filter>Sources</Filter>
    </ClCompile>
  </ItemGroup>
</Project>