// !$*UTF8*$!
{
	archiveVersion = 1;
	classes = {
	};
	objectVersion = 46;
	objects = {

/* Begin PBXBuildFile section */
		6DC2FB5B18458F6000FEEEA0 /* codecvt_error_category.cpp in Sources */ = {isa = PBXBuildFile; fileRef = 6DC2FB5218458F6000FEEEA0 /* codecvt_error_category.cpp */; };
		6DC2FB5C18458F6000FEEEA0 /* operations.cpp in Sources */ = {isa = PBXBuildFile; fileRef = 6DC2FB5318458F6000FEEEA0 /* operations.cpp */; };
		6DC2FB5D18458F6000FEEEA0 /* path.cpp in Sources */ = {isa = PBXBuildFile; fileRef = 6DC2FB5418458F6000FEEEA0 /* path.cpp */; };
		6DC2FB5E18458F6000FEEEA0 /* path_traits.cpp in Sources */ = {isa = PBXBuildFile; fileRef = 6DC2FB5518458F6000FEEEA0 /* path_traits.cpp */; };
		6DC2FB5F18458F6000FEEEA0 /* portability.cpp in Sources */ = {isa = PBXBuildFile; fileRef = 6DC2FB5618458F6000FEEEA0 /* portability.cpp */; };
		6DC2FB6018458F6000FEEEA0 /* unique_path.cpp in Sources */ = {isa = PBXBuildFile; fileRef = 6DC2FB5718458F6000FEEEA0 /* unique_path.cpp */; };
		6DC2FB6118458F6000FEEEA0 /* utf8_codecvt_facet.cpp in Sources */ = {isa = PBXBuildFile; fileRef = 6DC2FB5818458F6000FEEEA0 /* utf8_codecvt_facet.cpp */; };
		6DC2FB6218458F6000FEEEA0 /* windows_file_codecvt.cpp in Sources */ = {isa = PBXBuildFile; fileRef = 6DC2FB5918458F6000FEEEA0 /* windows_file_codecvt.cpp */; };
/* End PBXBuildFile section */

/* Begin PBXCopyFilesBuildPhase section */
		6DAFE263181526E700859097 /* CopyFiles */ = {
			isa = PBXCopyFilesBuildPhase;
			buildActionMask = 2147483647;
			dstPath = "include/$(PRODUCT_NAME)";
			dstSubfolderSpec = 16;
			files = (
			);
			runOnlyForDeploymentPostprocessing = 0;
		};
/* End PBXCopyFilesBuildPhase section */

/* Begin PBXFileReference section */
		013F24721B046DEC003C92E2 /* CandyJar.xcconfig */ = {isa = PBXFileReference; fileEncoding = 4; lastKnownFileType = text.xcconfig; name = CandyJar.xcconfig; path = ../../build/proj.ios/CandyJar.xcconfig; sourceTree = "<group>"; };
		6DAFE265181526E700859097 /* libBoost.Filesystem.a */ = {isa = PBXFileReference; explicitFileType = archive.ar; includeInIndex = 0; path = libBoost.Filesystem.a; sourceTree = BUILT_PRODUCTS_DIR; };
		6DC2FB5218458F6000FEEEA0 /* codecvt_error_category.cpp */ = {isa = PBXFileReference; fileEncoding = 4; lastKnownFileType = sourcecode.cpp.cpp; path = codecvt_error_category.cpp; sourceTree = "<group>"; };
		6DC2FB5318458F6000FEEEA0 /* operations.cpp */ = {isa = PBXFileReference; fileEncoding = 4; lastKnownFileType = sourcecode.cpp.cpp; path = operations.cpp; sourceTree = "<group>"; };
		6DC2FB5418458F6000FEEEA0 /* path.cpp */ = {isa = PBXFileReference; fileEncoding = 4; lastKnownFileType = sourcecode.cpp.cpp; path = path.cpp; sourceTree = "<group>"; };
		6DC2FB5518458F6000FEEEA0 /* path_traits.cpp */ = {isa = PBXFileReference; fileEncoding = 4; lastKnownFileType = sourcecode.cpp.cpp; path = path_traits.cpp; sourceTree = "<group>"; };
		6DC2FB5618458F6000FEEEA0 /* portability.cpp */ = {isa = PBXFileReference; fileEncoding = 4; lastKnownFileType = sourcecode.cpp.cpp; path = portability.cpp; sourceTree = "<group>"; };
		6DC2FB5718458F6000FEEEA0 /* unique_path.cpp */ = {isa = PBXFileReference; fileEncoding = 4; lastKnownFileType = sourcecode.cpp.cpp; path = unique_path.cpp; sourceTree = "<group>"; };
		6DC2FB5818458F6000FEEEA0 /* utf8_codecvt_facet.cpp */ = {isa = PBXFileReference; fileEncoding = 4; lastKnownFileType = sourcecode.cpp.cpp; path = utf8_codecvt_facet.cpp; sourceTree = "<group>"; };
		6DC2FB5918458F6000FEEEA0 /* windows_file_codecvt.cpp */ = {isa = PBXFileReference; fileEncoding = 4; lastKnownFileType = sourcecode.cpp.cpp; path = windows_file_codecvt.cpp; sourceTree = "<group>"; };
		6DC2FB5A18458F6000FEEEA0 /* windows_file_codecvt.hpp */ = {isa = PBXFileReference; fileEncoding = 4; lastKnownFileType = sourcecode.cpp.h; path = windows_file_codecvt.hpp; sourceTree = "<group>"; };
/* End PBXFileReference section */

/* Begin PBXFrameworksBuildPhase section */
		6DAFE262181526E700859097 /* Frameworks */ = {
			isa = PBXFrameworksBuildPhase;
			buildActionMask = 2147483647;
			files = (
			);
			runOnlyForDeploymentPostprocessing = 0;
		};
/* End PBXFrameworksBuildPhase section */

/* Begin PBXGroup section */
		013F24711B046DDD003C92E2 /* proj.ios */ = {
			isa = PBXGroup;
			children = (
				013F24721B046DEC003C92E2 /* CandyJar.xcconfig */,
			);
			name = proj.ios;
			sourceTree = "<group>";
		};
		6DAFE25C181526E700859097 = {
			isa = PBXGroup;
			children = (
				013F24711B046DDD003C92E2 /* proj.ios */,
				6DC2FB5118458F6000FEEEA0 /* src */,
				6DAFE266181526E700859097 /* Products */,
			);
			sourceTree = "<group>";
		};
		6DAFE266181526E700859097 /* Products */ = {
			isa = PBXGroup;
			children = (
				6DAFE265181526E700859097 /* libBoost.Filesystem.a */,
			);
			name = Products;
			sourceTree = "<group>";
		};
		6DC2FB5118458F6000FEEEA0 /* src */ = {
			isa = PBXGroup;
			children = (
				6DC2FB5218458F6000FEEEA0 /* codecvt_error_category.cpp */,
				6DC2FB5318458F6000FEEEA0 /* operations.cpp */,
				6DC2FB5418458F6000FEEEA0 /* path.cpp */,
				6DC2FB5518458F6000FEEEA0 /* path_traits.cpp */,
				6DC2FB5618458F6000FEEEA0 /* portability.cpp */,
				6DC2FB5718458F6000FEEEA0 /* unique_path.cpp */,
				6DC2FB5818458F6000FEEEA0 /* utf8_codecvt_facet.cpp */,
				6DC2FB5918458F6000FEEEA0 /* windows_file_codecvt.cpp */,
				6DC2FB5A18458F6000FEEEA0 /* windows_file_codecvt.hpp */,
			);
			name = src;
			path = ../src;
			sourceTree = "<group>";
		};
/* End PBXGroup section */

/* Begin PBXNativeTarget section */
		6DAFE264181526E700859097 /* Boost.Filesystem */ = {
			isa = PBXNativeTarget;
			buildConfigurationList = 6DAFE288181526E700859097 /* Build configuration list for PBXNativeTarget "Boost.Filesystem" */;
			buildPhases = (
				6DAFE261181526E700859097 /* Sources */,
				6DAFE262181526E700859097 /* Frameworks */,
				6DAFE263181526E700859097 /* CopyFiles */,
			);
			buildRules = (
			);
			dependencies = (
			);
			name = Boost.Filesystem;
			productName = Boost.Filesystem;
			productReference = 6DAFE265181526E700859097 /* libBoost.Filesystem.a */;
			productType = "com.apple.product-type.library.static";
		};
/* End PBXNativeTarget section */

/* Begin PBXProject section */
		6DAFE25D181526E700859097 /* Project object */ = {
			isa = PBXProject;
			attributes = {
				LastUpgradeCheck = 0630;
				ORGANIZATIONNAME = Sixion;
			};
			buildConfigurationList = 6DAFE260181526E700859097 /* Build configuration list for PBXProject "Boost.Filesystem" */;
			compatibilityVersion = "Xcode 3.2";
			developmentRegion = English;
			hasScannedForEncodings = 0;
			knownRegions = (
				en,
			);
			mainGroup = 6DAFE25C181526E700859097;
			productRefGroup = 6DAFE266181526E700859097 /* Products */;
			projectDirPath = "";
			projectRoot = "";
			targets = (
				6DAFE264181526E700859097 /* Boost.Filesystem */,
			);
		};
/* End PBXProject section */

/* Begin PBXSourcesBuildPhase section */
		6DAFE261181526E700859097 /* Sources */ = {
			isa = PBXSourcesBuildPhase;
			buildActionMask = 2147483647;
			files = (
				6DC2FB5B18458F6000FEEEA0 /* codecvt_error_category.cpp in Sources */,
				6DC2FB5C18458F6000FEEEA0 /* operations.cpp in Sources */,
				6DC2FB6218458F6000FEEEA0 /* windows_file_codecvt.cpp in Sources */,
				6DC2FB5D18458F6000FEEEA0 /* path.cpp in Sources */,
				6DC2FB6018458F6000FEEEA0 /* unique_path.cpp in Sources */,
				6DC2FB5F18458F6000FEEEA0 /* portability.cpp in Sources */,
				6DC2FB6118458F6000FEEEA0 /* utf8_codecvt_facet.cpp in Sources */,
				6DC2FB5E18458F6000FEEEA0 /* path_traits.cpp in Sources */,
			);
			runOnlyForDeploymentPostprocessing = 0;
		};
/* End PBXSourcesBuildPhase section */

/* Begin XCBuildConfiguration section */
		6DAFE286181526E700859097 /* Debug */ = {
			isa = XCBuildConfiguration;
			baseConfigurationReference = 013F24721B046DEC003C92E2 /* CandyJar.xcconfig */;
			buildSettings = {
				ALWAYS_SEARCH_USER_PATHS = NO;
				CLANG_CXX_LANGUAGE_STANDARD = "c++0x";
				CLANG_CXX_LIBRARY = "libc++";
				CLANG_ENABLE_MODULES = YES;
				CLANG_ENABLE_OBJC_ARC = YES;
				CLANG_WARN_BOOL_CONVERSION = YES;
				CLANG_WARN_CONSTANT_CONVERSION = YES;
				CLANG_WARN_DIRECT_OBJC_ISA_USAGE = YES_ERROR;
				CLANG_WARN_EMPTY_BODY = YES;
				CLANG_WARN_ENUM_CONVERSION = YES;
				CLANG_WARN_INT_CONVERSION = YES;
				CLANG_WARN_OBJC_ROOT_CLASS = YES_ERROR;
				CLANG_WARN__DUPLICATE_METHOD_MATCH = YES;
				COPY_PHASE_STRIP = NO;
				GCC_C_LANGUAGE_STANDARD = gnu99;
				GCC_DYNAMIC_NO_PIC = NO;
				GCC_OPTIMIZATION_LEVEL = 0;
				GCC_PREPROCESSOR_DEFINITIONS = (
					"DEBUG=1",
					"$(inherited)",
				);
				GCC_SYMBOLS_PRIVATE_EXTERN = YES;
				GCC_WARN_64_TO_32_BIT_CONVERSION = YES;
				GCC_WARN_ABOUT_RETURN_TYPE = YES_ERROR;
				GCC_WARN_UNDECLARED_SELECTOR = YES;
				GCC_WARN_UNINITIALIZED_AUTOS = YES;
				GCC_WARN_UNUSED_FUNCTION = YES;
				GCC_WARN_UNUSED_VARIABLE = YES;
				HEADER_SEARCH_PATHS = (
					"$(inherited)",
					/Applications/Xcode.app/Contents/Developer/Toolchains/XcodeDefault.xctoolchain/usr/include,
					../../include,
				);
			};
			name = Debug;
		};
		6DAFE287181526E700859097 /* Release */ = {
			isa = XCBuildConfiguration;
			baseConfigurationReference = 013F24721B046DEC003C92E2 /* CandyJar.xcconfig */;
			buildSettings = {
				ALWAYS_SEARCH_USER_PATHS = NO;
				CLANG_CXX_LANGUAGE_STANDARD = "c++0x";
				CLANG_CXX_LIBRARY = "libc++";
				CLANG_ENABLE_MODULES = YES;
				CLANG_ENABLE_OBJC_ARC = YES;
				CLANG_WARN_BOOL_CONVERSION = YES;
				CLANG_WARN_CONSTANT_CONVERSION = YES;
				CLANG_WARN_DIRECT_OBJC_ISA_USAGE = YES_ERROR;
				CLANG_WARN_EMPTY_BODY = YES;
				CLANG_WARN_ENUM_CONVERSION = YES;
				CLANG_WARN_INT_CONVERSION = YES;
				CLANG_WARN_OBJC_ROOT_CLASS = YES_ERROR;
				CLANG_WARN__DUPLICATE_METHOD_MATCH = YES;
				COPY_PHASE_STRIP = YES;
				ENABLE_NS_ASSERTIONS = NO;
				GCC_C_LANGUAGE_STANDARD = gnu99;
				GCC_PREPROCESSOR_DEFINITIONS = NDEBUG;
				GCC_SYMBOLS_PRIVATE_EXTERN = YES;
				GCC_WARN_64_TO_32_BIT_CONVERSION = YES;
				GCC_WARN_ABOUT_RETURN_TYPE = YES_ERROR;
				GCC_WARN_UNDECLARED_SELECTOR = YES;
				GCC_WARN_UNINITIALIZED_AUTOS = YES;
				GCC_WARN_UNUSED_FUNCTION = YES;
				GCC_WARN_UNUSED_VARIABLE = YES;
				HEADER_SEARCH_PATHS = (
					"$(inherited)",
					/Applications/Xcode.app/Contents/Developer/Toolchains/XcodeDefault.xctoolchain/usr/include,
					../../include,
				);
				VALIDATE_PRODUCT = YES;
			};
			name = Release;
		};
		6DAFE289181526E700859097 /* Debug */ = {
			isa = XCBuildConfiguration;
			buildSettings = {
				DSTROOT = /tmp/Boost_Filesystem.dst;
				GCC_PRECOMPILE_PREFIX_HEADER = YES;
				GCC_PREFIX_HEADER = "";
				OTHER_LDFLAGS = "-ObjC";
				PRODUCT_NAME = "$(TARGET_NAME)";
				SKIP_INSTALL = YES;
			};
			name = Debug;
		};
		6DAFE28A181526E700859097 /* Release */ = {
			isa = XCBuildConfiguration;
			buildSettings = {
				DSTROOT = /tmp/Boost_Filesystem.dst;
				GCC_PRECOMPILE_PREFIX_HEADER = YES;
				GCC_PREFIX_HEADER = "";
				OTHER_LDFLAGS = "-ObjC";
				PRODUCT_NAME = "$(TARGET_NAME)";
				SKIP_INSTALL = YES;
			};
			name = Release;
		};
/* End XCBuildConfiguration section */

/* Begin XCConfigurationList section */
		6DAFE260181526E700859097 /* Build configuration list for PBXProject "Boost.Filesystem" */ = {
			isa = XCConfigurationList;
			buildConfigurations = (
				6DAFE286181526E700859097 /* Debug */,
				6DAFE287181526E700859097 /* Release */,
			);
			defaultConfigurationIsVisible = 0;
			defaultConfigurationName = Release;
		};
		6DAFE288181526E700859097 /* Build configuration list for PBXNativeTarget "Boost.Filesystem" */ = {
			isa = XCConfigurationList;
			buildConfigurations = (
				6DAFE289181526E700859097 /* Debug */,
				6DAFE28A181526E700859097 /* Release */,
			);
			defaultConfigurationIsVisible = 0;
			defaultConfigurationName = Release;
		};
/* End XCConfigurationList section */
	};
	rootObject = 6DAFE25D181526E700859097 /* Project object */;
}
